PODS:
  - Alamofire (5.6.1)
  - AlamofireImage (4.2.0):
    - Alamofire (~> 5.4)
  - Differentiator (5.0.0)
  - Realm (10.25.2):
    - Realm/Headers (= 10.25.2)
  - Realm/Headers (10.25.2)
  - RealmSwift (10.25.2):
    - Realm (= 10.25.2)
  - RxCocoa (6.5.0):
    - RxRelay (= 6.5.0)
    - RxSwift (= 6.5.0)
  - RxDataSources (5.0.0):
    - Differentiator (~> 5.0)
    - RxCocoa (~> 6.0)
    - RxSwift (~> 6.0)
  - RxRelay (6.5.0):
    - RxSwift (= 6.5.0)
  - RxSwift (6.5.0)
  - SnapKit (5.6.0)

DEPENDENCIES:
  - Alamofire
  - AlamofireImage
  - RealmSwift
  - RxCocoa
  - RxDataSources
  - RxSwift
  - SnapKit

SPEC REPOS:
  trunk:
    - Alamofire
    - AlamofireImage
    - Differentiator
    - Realm
    - RealmSwift
    - RxCocoa
    - RxDataSources
    - RxRelay
    - RxSwift
    - SnapKit

SPEC CHECKSUMS:
  Alamofire: 87bd8c952f9a4454320fce00d9cc3de57bcadaf5
  AlamofireImage: 34a2d90b0e5fe6a5605f85ae4b7b01e784c60192
  Differentiator: e8497ceab83c1b10ca233716d547b9af21b9344d
  Realm: 978303663d0509166498f423d112e5ee97d4c91b
  RealmSwift: a0c30c1efc49e928a0a6f8fb141bb2629616d79b
  RxCocoa: 94f817b71c07517321eb4f9ad299112ca8af743b
  RxDataSources: aa47cc1ed6c500fa0dfecac5c979b723542d79cf
  RxRelay: 1de1523e604c72b6c68feadedd1af3b1b4d0ecbd
  RxSwift: 5710a9e6b17f3c3d6e40d6e559b9fa1e813b2ef8
  SnapKit: e01d52ebb8ddbc333eefe2132acf85c8227d9c25

PODFILE CHECKSUM: 71843e098e116c6b4a5308c934896c2980d3facc

COCOAPODS: 1.11.3
