// !$*UTF8*$!
{
	archiveVersion = 1;
	classes = {
	};
	objectVersion = 55;
	objects = {

/* Begin PBXBuildFile section */
		1EA71A352854FD7F004422A9 /* AppDelegate.swift in Sources */ = {isa = PBXBuildFile; fileRef = 1EA71A342854FD7F004422A9 /* AppDelegate.swift */; };
		1EA71A372854FD7F004422A9 /* SceneDelegate.swift in Sources */ = {isa = PBXBuildFile; fileRef = 1EA71A362854FD7F004422A9 /* SceneDelegate.swift */; };
		1EA71A392854FD7F004422A9 /* ViewController.swift in Sources */ = {isa = PBXBuildFile; fileRef = 1EA71A382854FD7F004422A9 /* ViewController.swift */; };
		1EA71A3C2854FD7F004422A9 /* Main.storyboard in Resources */ = {isa = PBXBuildFile; fileRef = 1EA71A3A2854FD7F004422A9 /* Main.storyboard */; };
		1EA71A3E2854FD86004422A9 /* Assets.xcassets in Resources */ = {isa = PBXBuildFile; fileRef = 1EA71A3D2854FD86004422A9 /* Assets.xcassets */; };
		1EA71A412854FD86004422A9 /* LaunchScreen.storyboard in Resources */ = {isa = PBXBuildFile; fileRef = 1EA71A3F2854FD86004422A9 /* LaunchScreen.storyboard */; };
		1EA71A4C2854FD87004422A9 /* QuizAppTests.swift in Sources */ = {isa = PBXBuildFile; fileRef = 1EA71A4B2854FD87004422A9 /* QuizAppTests.swift */; };
		1EA71A562854FD87004422A9 /* QuizAppUITests.swift in Sources */ = {isa = PBXBuildFile; fileRef = 1EA71A552854FD87004422A9 /* QuizAppUITests.swift */; };
		1EA71A582854FD87004422A9 /* QuizAppUITestsLaunchTests.swift in Sources */ = {isa = PBXBuildFile; fileRef = 1EA71A572854FD87004422A9 /* QuizAppUITestsLaunchTests.swift */; };
		1EA71A6628551ABC004422A9 /* LoginViewController.swift in Sources */ = {isa = PBXBuildFile; fileRef = 1EA71A6528551ABC004422A9 /* LoginViewController.swift */; };
		1EA71A6828551ACC004422A9 /* LoginViewController.storyboard in Resources */ = {isa = PBXBuildFile; fileRef = 1EA71A6728551ACC004422A9 /* LoginViewController.storyboard */; };
		1EA71A6B28551F89004422A9 /* GradientView.swift in Sources */ = {isa = PBXBuildFile; fileRef = 1EA71A6A28551F89004422A9 /* GradientView.swift */; };
		486226F937DBCB371400135F /* Pods_QuizApp_QuizAppUITests.framework in Frameworks */ = {isa = PBXBuildFile; fileRef = DB50275EABD358841BFBF1D5 /* Pods_QuizApp_QuizAppUITests.framework */; };
		7C4C378C067F11C02254C7B1 /* Pods_QuizApp.framework in Frameworks */ = {isa = PBXBuildFile; fileRef = 2BAE66C97E4920094AADA1AB /* Pods_QuizApp.framework */; };
		B6A64BB0E815ACBFFC6435B6 /* Pods_QuizAppTests.framework in Frameworks */ = {isa = PBXBuildFile; fileRef = 48BA5181CA58528630AC6D63 /* Pods_QuizAppTests.framework */; };
/* End PBXBuildFile section */

/* Begin PBXContainerItemProxy section */
		1EA71A482854FD87004422A9 /* PBXContainerItemProxy */ = {
			isa = PBXContainerItemProxy;
			containerPortal = 1EA71A292854FD7E004422A9 /* Project object */;
			proxyType = 1;
			remoteGlobalIDString = 1EA71A302854FD7F004422A9;
			remoteInfo = QuizApp;
		};
		1EA71A522854FD87004422A9 /* PBXContainerItemProxy */ = {
			isa = PBXContainerItemProxy;
			containerPortal = 1EA71A292854FD7E004422A9 /* Project object */;
			proxyType = 1;
			remoteGlobalIDString = 1EA71A302854FD7F004422A9;
			remoteInfo = QuizApp;
		};
/* End PBXContainerItemProxy section */

/* Begin PBXFileReference section */
		1EA71A312854FD7F004422A9 /* QuizApp.app */ = {isa = PBXFileReference; explicitFileType = wrapper.application; includeInIndex = 0; path = QuizApp.app; sourceTree = BUILT_PRODUCTS_DIR; };
		1EA71A342854FD7F004422A9 /* AppDelegate.swift */ = {isa = PBXFileReference; lastKnownFileType = sourcecode.swift; path = AppDelegate.swift; sourceTree = "<group>"; };
		1EA71A362854FD7F004422A9 /* SceneDelegate.swift */ = {isa = PBXFileReference; lastKnownFileType = sourcecode.swift; path = SceneDelegate.swift; sourceTree = "<group>"; };
		1EA71A382854FD7F004422A9 /* ViewController.swift */ = {isa = PBXFileReference; lastKnownFileType = sourcecode.swift; path = ViewController.swift; sourceTree = "<group>"; };
		1EA71A3B2854FD7F004422A9 /* Base */ = {isa = PBXFileReference; lastKnownFileType = file.storyboard; name = Base; path = Base.lproj/Main.storyboard; sourceTree = "<group>"; };
		1EA71A3D2854FD86004422A9 /* Assets.xcassets */ = {isa = PBXFileReference; lastKnownFileType = folder.assetcatalog; path = Assets.xcassets; sourceTree = "<group>"; };
		1EA71A402854FD86004422A9 /* Base */ = {isa = PBXFileReference; lastKnownFileType = file.storyboard; name = Base; path = Base.lproj/LaunchScreen.storyboard; sourceTree = "<group>"; };
		1EA71A422854FD86004422A9 /* Info.plist */ = {isa = PBXFileReference; lastKnownFileType = text.plist.xml; path = Info.plist; sourceTree = "<group>"; };
		1EA71A472854FD86004422A9 /* QuizAppTests.xctest */ = {isa = PBXFileReference; explicitFileType = wrapper.cfbundle; includeInIndex = 0; path = QuizAppTests.xctest; sourceTree = BUILT_PRODUCTS_DIR; };
		1EA71A4B2854FD87004422A9 /* QuizAppTests.swift */ = {isa = PBXFileReference; lastKnownFileType = sourcecode.swift; path = QuizAppTests.swift; sourceTree = "<group>"; };
		1EA71A512854FD87004422A9 /* QuizAppUITests.xctest */ = {isa = PBXFileReference; explicitFileType = wrapper.cfbundle; includeInIndex = 0; path = QuizAppUITests.xctest; sourceTree = BUILT_PRODUCTS_DIR; };
		1EA71A552854FD87004422A9 /* QuizAppUITests.swift */ = {isa = PBXFileReference; lastKnownFileType = sourcecode.swift; path = QuizAppUITests.swift; sourceTree = "<group>"; };
		1EA71A572854FD87004422A9 /* QuizAppUITestsLaunchTests.swift */ = {isa = PBXFileReference; lastKnownFileType = sourcecode.swift; path = QuizAppUITestsLaunchTests.swift; sourceTree = "<group>"; };
		1EA71A6528551ABC004422A9 /* LoginViewController.swift */ = {isa = PBXFileReference; lastKnownFileType = sourcecode.swift; path = LoginViewController.swift; sourceTree = "<group>"; };
		1EA71A6728551ACC004422A9 /* LoginViewController.storyboard */ = {isa = PBXFileReference; lastKnownFileType = file.storyboard; path = LoginViewController.storyboard; sourceTree = "<group>"; };
		1EA71A6A28551F89004422A9 /* GradientView.swift */ = {isa = PBXFileReference; lastKnownFileType = sourcecode.swift; path = GradientView.swift; sourceTree = "<group>"; };
		26A48ED7F7BCADFC4D8BF290 /* Pods-QuizApp.debug.xcconfig */ = {isa = PBXFileReference; includeInIndex = 1; lastKnownFileType = text.xcconfig; name = "Pods-QuizApp.debug.xcconfig"; path = "Target Support Files/Pods-QuizApp/Pods-QuizApp.debug.xcconfig"; sourceTree = "<group>"; };
		2BAE66C97E4920094AADA1AB /* Pods_QuizApp.framework */ = {isa = PBXFileReference; explicitFileType = wrapper.framework; includeInIndex = 0; path = Pods_QuizApp.framework; sourceTree = BUILT_PRODUCTS_DIR; };
		48BA5181CA58528630AC6D63 /* Pods_QuizAppTests.framework */ = {isa = PBXFileReference; explicitFileType = wrapper.framework; includeInIndex = 0; path = Pods_QuizAppTests.framework; sourceTree = BUILT_PRODUCTS_DIR; };
		4B71EE105C021EE00486FE89 /* Pods-QuizApp.release.xcconfig */ = {isa = PBXFileReference; includeInIndex = 1; lastKnownFileType = text.xcconfig; name = "Pods-QuizApp.release.xcconfig"; path = "Target Support Files/Pods-QuizApp/Pods-QuizApp.release.xcconfig"; sourceTree = "<group>"; };
		584C648E3815072E29426735 /* Pods-QuizApp-QuizAppUITests.debug.xcconfig */ = {isa = PBXFileReference; includeInIndex = 1; lastKnownFileType = text.xcconfig; name = "Pods-QuizApp-QuizAppUITests.debug.xcconfig"; path = "Target Support Files/Pods-QuizApp-QuizAppUITests/Pods-QuizApp-QuizAppUITests.debug.xcconfig"; sourceTree = "<group>"; };
		7C52A69F664C4CF9EE7465D0 /* Pods-QuizApp-QuizAppUITests.release.xcconfig */ = {isa = PBXFileReference; includeInIndex = 1; lastKnownFileType = text.xcconfig; name = "Pods-QuizApp-QuizAppUITests.release.xcconfig"; path = "Target Support Files/Pods-QuizApp-QuizAppUITests/Pods-QuizApp-QuizAppUITests.release.xcconfig"; sourceTree = "<group>"; };
		DB50275EABD358841BFBF1D5 /* Pods_QuizApp_QuizAppUITests.framework */ = {isa = PBXFileReference; explicitFileType = wrapper.framework; includeInIndex = 0; path = Pods_QuizApp_QuizAppUITests.framework; sourceTree = BUILT_PRODUCTS_DIR; };
		F4FFABBDF0DF6D3F6F8F2C85 /* Pods-QuizAppTests.debug.xcconfig */ = {isa = PBXFileReference; includeInIndex = 1; lastKnownFileType = text.xcconfig; name = "Pods-QuizAppTests.debug.xcconfig"; path = "Target Support Files/Pods-QuizAppTests/Pods-QuizAppTests.debug.xcconfig"; sourceTree = "<group>"; };
		F7AF576576E3D870BAFAD20A /* Pods-QuizAppTests.release.xcconfig */ = {isa = PBXFileReference; includeInIndex = 1; lastKnownFileType = text.xcconfig; name = "Pods-QuizAppTests.release.xcconfig"; path = "Target Support Files/Pods-QuizAppTests/Pods-QuizAppTests.release.xcconfig"; sourceTree = "<group>"; };
/* End PBXFileReference section */

/* Begin PBXFrameworksBuildPhase section */
		1EA71A2E2854FD7F004422A9 /* Frameworks */ = {
			isa = PBXFrameworksBuildPhase;
			buildActionMask = 2147483647;
			files = (
				7C4C378C067F11C02254C7B1 /* Pods_QuizApp.framework in Frameworks */,
			);
			runOnlyForDeploymentPostprocessing = 0;
		};
		1EA71A442854FD86004422A9 /* Frameworks */ = {
			isa = PBXFrameworksBuildPhase;
			buildActionMask = 2147483647;
			files = (
				B6A64BB0E815ACBFFC6435B6 /* Pods_QuizAppTests.framework in Frameworks */,
			);
			runOnlyForDeploymentPostprocessing = 0;
		};
		1EA71A4E2854FD87004422A9 /* Frameworks */ = {
			isa = PBXFrameworksBuildPhase;
			buildActionMask = 2147483647;
			files = (
				486226F937DBCB371400135F /* Pods_QuizApp_QuizAppUITests.framework in Frameworks */,
			);
			runOnlyForDeploymentPostprocessing = 0;
		};
/* End PBXFrameworksBuildPhase section */

/* Begin PBXGroup section */
		1EA71A282854FD7E004422A9 = {
			isa = PBXGroup;
			children = (
				1EA71A332854FD7F004422A9 /* QuizApp */,
				1EA71A4A2854FD87004422A9 /* QuizAppTests */,
				1EA71A542854FD87004422A9 /* QuizAppUITests */,
				1EA71A322854FD7F004422A9 /* Products */,
				ABC0009CCC1929E10CB9A42B /* Pods */,
				5F2DFCCC23DBB453567EED9E /* Frameworks */,
			);
			sourceTree = "<group>";
		};
		1EA71A322854FD7F004422A9 /* Products */ = {
			isa = PBXGroup;
			children = (
				1EA71A312854FD7F004422A9 /* QuizApp.app */,
				1EA71A472854FD86004422A9 /* QuizAppTests.xctest */,
				1EA71A512854FD87004422A9 /* QuizAppUITests.xctest */,
			);
			name = Products;
			sourceTree = "<group>";
		};
		1EA71A332854FD7F004422A9 /* QuizApp */ = {
			isa = PBXGroup;
			children = (
				1EA71A6928551F6E004422A9 /* Common */,
				1EA71A6428551A37004422A9 /* Login */,
				1EA71A342854FD7F004422A9 /* AppDelegate.swift */,
				1EA71A362854FD7F004422A9 /* SceneDelegate.swift */,
				1EA71A382854FD7F004422A9 /* ViewController.swift */,
				1EA71A3A2854FD7F004422A9 /* Main.storyboard */,
				1EA71A3D2854FD86004422A9 /* Assets.xcassets */,
				1EA71A3F2854FD86004422A9 /* LaunchScreen.storyboard */,
				1EA71A422854FD86004422A9 /* Info.plist */,
			);
			path = QuizApp;
			sourceTree = "<group>";
		};
		1EA71A4A2854FD87004422A9 /* QuizAppTests */ = {
			isa = PBXGroup;
			children = (
				1EA71A4B2854FD87004422A9 /* QuizAppTests.swift */,
			);
			path = QuizAppTests;
			sourceTree = "<group>";
		};
		1EA71A542854FD87004422A9 /* QuizAppUITests */ = {
			isa = PBXGroup;
			children = (
				1EA71A552854FD87004422A9 /* QuizAppUITests.swift */,
				1EA71A572854FD87004422A9 /* QuizAppUITestsLaunchTests.swift */,
			);
			path = QuizAppUITests;
			sourceTree = "<group>";
		};
		1EA71A6428551A37004422A9 /* Login */ = {
			isa = PBXGroup;
			children = (
				1EA71A6528551ABC004422A9 /* LoginViewController.swift */,
				1EA71A6728551ACC004422A9 /* LoginViewController.storyboard */,
			);
			path = Login;
			sourceTree = "<group>";
		};
		1EA71A6928551F6E004422A9 /* Common */ = {
			isa = PBXGroup;
			children = (
				1EA71A6A28551F89004422A9 /* GradientView.swift */,
			);
			path = Common;
			sourceTree = "<group>";
		};
		5F2DFCCC23DBB453567EED9E /* Frameworks */ = {
			isa = PBXGroup;
			children = (
				2BAE66C97E4920094AADA1AB /* Pods_QuizApp.framework */,
				DB50275EABD358841BFBF1D5 /* Pods_QuizApp_QuizAppUITests.framework */,
				48BA5181CA58528630AC6D63 /* Pods_QuizAppTests.framework */,
			);
			name = Frameworks;
			sourceTree = "<group>";
		};
		ABC0009CCC1929E10CB9A42B /* Pods */ = {
			isa = PBXGroup;
			children = (
				26A48ED7F7BCADFC4D8BF290 /* Pods-QuizApp.debug.xcconfig */,
				4B71EE105C021EE00486FE89 /* Pods-QuizApp.release.xcconfig */,
				584C648E3815072E29426735 /* Pods-QuizApp-QuizAppUITests.debug.xcconfig */,
				7C52A69F664C4CF9EE7465D0 /* Pods-QuizApp-QuizAppUITests.release.xcconfig */,
				F4FFABBDF0DF6D3F6F8F2C85 /* Pods-QuizAppTests.debug.xcconfig */,
				F7AF576576E3D870BAFAD20A /* Pods-QuizAppTests.release.xcconfig */,
			);
			path = Pods;
			sourceTree = "<group>";
		};
/* End PBXGroup section */

/* Begin PBXNativeTarget section */
		1EA71A302854FD7F004422A9 /* QuizApp */ = {
			isa = PBXNativeTarget;
			buildConfigurationList = 1EA71A5B2854FD87004422A9 /* Build configuration list for PBXNativeTarget "QuizApp" */;
			buildPhases = (
				56A3DE89E9B564BBE797E426 /* [CP] Check Pods Manifest.lock */,
				1EA71A2D2854FD7F004422A9 /* Sources */,
				1EA71A2E2854FD7F004422A9 /* Frameworks */,
				1EA71A2F2854FD7F004422A9 /* Resources */,
				DD1BAAB8AC78ABE6723A4A19 /* [CP] Embed Pods Frameworks */,
			);
			buildRules = (
			);
			dependencies = (
			);
			name = QuizApp;
			productName = QuizApp;
			productReference = 1EA71A312854FD7F004422A9 /* QuizApp.app */;
			productType = "com.apple.product-type.application";
		};
		1EA71A462854FD86004422A9 /* QuizAppTests */ = {
			isa = PBXNativeTarget;
			buildConfigurationList = 1EA71A5E2854FD87004422A9 /* Build configuration list for PBXNativeTarget "QuizAppTests" */;
			buildPhases = (
				DA2AA5AB6E468E608148ACE0 /* [CP] Check Pods Manifest.lock */,
				1EA71A432854FD86004422A9 /* Sources */,
				1EA71A442854FD86004422A9 /* Frameworks */,
				1EA71A452854FD86004422A9 /* Resources */,
			);
			buildRules = (
			);
			dependencies = (
				1EA71A492854FD87004422A9 /* PBXTargetDependency */,
			);
			name = QuizAppTests;
			productName = QuizAppTests;
			productReference = 1EA71A472854FD86004422A9 /* QuizAppTests.xctest */;
			productType = "com.apple.product-type.bundle.unit-test";
		};
		1EA71A502854FD87004422A9 /* QuizAppUITests */ = {
			isa = PBXNativeTarget;
			buildConfigurationList = 1EA71A612854FD87004422A9 /* Build configuration list for PBXNativeTarget "QuizAppUITests" */;
			buildPhases = (
				6232C0D92631045765E0C7D5 /* [CP] Check Pods Manifest.lock */,
				1EA71A4D2854FD87004422A9 /* Sources */,
				1EA71A4E2854FD87004422A9 /* Frameworks */,
				1EA71A4F2854FD87004422A9 /* Resources */,
				0C46AC041A50FA550B3AAB4B /* [CP] Embed Pods Frameworks */,
			);
			buildRules = (
			);
			dependencies = (
				1EA71A532854FD87004422A9 /* PBXTargetDependency */,
			);
			name = QuizAppUITests;
			productName = QuizAppUITests;
			productReference = 1EA71A512854FD87004422A9 /* QuizAppUITests.xctest */;
			productType = "com.apple.product-type.bundle.ui-testing";
		};
/* End PBXNativeTarget section */

/* Begin PBXProject section */
		1EA71A292854FD7E004422A9 /* Project object */ = {
			isa = PBXProject;
			attributes = {
				BuildIndependentTargetsInParallel = 1;
				LastSwiftUpdateCheck = 1330;
				LastUpgradeCheck = 1330;
				TargetAttributes = {
					1EA71A302854FD7F004422A9 = {
						CreatedOnToolsVersion = 13.3.1;
					};
					1EA71A462854FD86004422A9 = {
						CreatedOnToolsVersion = 13.3.1;
						TestTargetID = 1EA71A302854FD7F004422A9;
					};
					1EA71A502854FD87004422A9 = {
						CreatedOnToolsVersion = 13.3.1;
						TestTargetID = 1EA71A302854FD7F004422A9;
					};
				};
			};
			buildConfigurationList = 1EA71A2C2854FD7E004422A9 /* Build configuration list for PBXProject "QuizApp" */;
			compatibilityVersion = "Xcode 13.0";
			developmentRegion = en;
			hasScannedForEncodings = 0;
			knownRegions = (
				en,
				Base,
			);
			mainGroup = 1EA71A282854FD7E004422A9;
			productRefGroup = 1EA71A322854FD7F004422A9 /* Products */;
			projectDirPath = "";
			projectRoot = "";
			targets = (
				1EA71A302854FD7F004422A9 /* QuizApp */,
				1EA71A462854FD86004422A9 /* QuizAppTests */,
				1EA71A502854FD87004422A9 /* QuizAppUITests */,
			);
		};
/* End PBXProject section */

/* Begin PBXResourcesBuildPhase section */
		1EA71A2F2854FD7F004422A9 /* Resources */ = {
			isa = PBXResourcesBuildPhase;
			buildActionMask = 2147483647;
			files = (
				1EA71A412854FD86004422A9 /* LaunchScreen.storyboard in Resources */,
				1EA71A6828551ACC004422A9 /* LoginViewController.storyboard in Resources */,
				1EA71A3E2854FD86004422A9 /* Assets.xcassets in Resources */,
				1EA71A3C2854FD7F004422A9 /* Main.storyboard in Resources */,
			);
			runOnlyForDeploymentPostprocessing = 0;
		};
		1EA71A452854FD86004422A9 /* Resources */ = {
			isa = PBXResourcesBuildPhase;
			buildActionMask = 2147483647;
			files = (
			);
			runOnlyForDeploymentPostprocessing = 0;
		};
		1EA71A4F2854FD87004422A9 /* Resources */ = {
			isa = PBXResourcesBuildPhase;
			buildActionMask = 2147483647;
			files = (
			);
			runOnlyForDeploymentPostprocessing = 0;
		};
/* End PBXResourcesBuildPhase section */

/* Begin PBXShellScriptBuildPhase section */
		0C46AC041A50FA550B3AAB4B /* [CP] Embed Pods Frameworks */ = {
			isa = PBXShellScriptBuildPhase;
			buildActionMask = 2147483647;
			files = (
			);
			inputFileListPaths = (
				"${PODS_ROOT}/Target Support Files/Pods-QuizApp-QuizAppUITests/Pods-QuizApp-QuizAppUITests-frameworks-${CONFIGURATION}-input-files.xcfilelist",
			);
			name = "[CP] Embed Pods Frameworks";
			outputFileListPaths = (
				"${PODS_ROOT}/Target Support Files/Pods-QuizApp-QuizAppUITests/Pods-QuizApp-QuizAppUITests-frameworks-${CONFIGURATION}-output-files.xcfilelist",
			);
			runOnlyForDeploymentPostprocessing = 0;
			shellPath = /bin/sh;
			shellScript = "\"${PODS_ROOT}/Target Support Files/Pods-QuizApp-QuizAppUITests/Pods-QuizApp-QuizAppUITests-frameworks.sh\"\n";
			showEnvVarsInLog = 0;
		};
		56A3DE89E9B564BBE797E426 /* [CP] Check Pods Manifest.lock */ = {
			isa = PBXShellScriptBuildPhase;
			buildActionMask = 2147483647;
			files = (
			);
			inputFileListPaths = (
			);
			inputPaths = (
				"${PODS_PODFILE_DIR_PATH}/Podfile.lock",
				"${PODS_ROOT}/Manifest.lock",
			);
			name = "[CP] Check Pods Manifest.lock";
			outputFileListPaths = (
			);
			outputPaths = (
				"$(DERIVED_FILE_DIR)/Pods-QuizApp-checkManifestLockResult.txt",
			);
			runOnlyForDeploymentPostprocessing = 0;
			shellPath = /bin/sh;
			shellScript = "diff \"${PODS_PODFILE_DIR_PATH}/Podfile.lock\" \"${PODS_ROOT}/Manifest.lock\" > /dev/null\nif [ $? != 0 ] ; then\n    # print error to STDERR\n    echo \"error: The sandbox is not in sync with the Podfile.lock. Run 'pod install' or update your CocoaPods installation.\" >&2\n    exit 1\nfi\n# This output is used by Xcode 'outputs' to avoid re-running this script phase.\necho \"SUCCESS\" > \"${SCRIPT_OUTPUT_FILE_0}\"\n";
			showEnvVarsInLog = 0;
		};
		6232C0D92631045765E0C7D5 /* [CP] Check Pods Manifest.lock */ = {
			isa = PBXShellScriptBuildPhase;
			buildActionMask = 2147483647;
			files = (
			);
			inputFileListPaths = (
			);
			inputPaths = (
				"${PODS_PODFILE_DIR_PATH}/Podfile.lock",
				"${PODS_ROOT}/Manifest.lock",
			);
			name = "[CP] Check Pods Manifest.lock";
			outputFileListPaths = (
			);
			outputPaths = (
				"$(DERIVED_FILE_DIR)/Pods-QuizApp-QuizAppUITests-checkManifestLockResult.txt",
			);
			runOnlyForDeploymentPostprocessing = 0;
			shellPath = /bin/sh;
			shellScript = "diff \"${PODS_PODFILE_DIR_PATH}/Podfile.lock\" \"${PODS_ROOT}/Manifest.lock\" > /dev/null\nif [ $? != 0 ] ; then\n    # print error to STDERR\n    echo \"error: The sandbox is not in sync with the Podfile.lock. Run 'pod install' or update your CocoaPods installation.\" >&2\n    exit 1\nfi\n# This output is used by Xcode 'outputs' to avoid re-running this script phase.\necho \"SUCCESS\" > \"${SCRIPT_OUTPUT_FILE_0}\"\n";
			showEnvVarsInLog = 0;
		};
		DA2AA5AB6E468E608148ACE0 /* [CP] Check Pods Manifest.lock */ = {
			isa = PBXShellScriptBuildPhase;
			buildActionMask = 2147483647;
			files = (
			);
			inputFileListPaths = (
			);
			inputPaths = (
				"${PODS_PODFILE_DIR_PATH}/Podfile.lock",
				"${PODS_ROOT}/Manifest.lock",
			);
			name = "[CP] Check Pods Manifest.lock";
			outputFileListPaths = (
			);
			outputPaths = (
				"$(DERIVED_FILE_DIR)/Pods-QuizAppTests-checkManifestLockResult.txt",
			);
			runOnlyForDeploymentPostprocessing = 0;
			shellPath = /bin/sh;
			shellScript = "diff \"${PODS_PODFILE_DIR_PATH}/Podfile.lock\" \"${PODS_ROOT}/Manifest.lock\" > /dev/null\nif [ $? != 0 ] ; then\n    # print error to STDERR\n    echo \"error: The sandbox is not in sync with the Podfile.lock. Run 'pod install' or update your CocoaPods installation.\" >&2\n    exit 1\nfi\n# This output is used by Xcode 'outputs' to avoid re-running this script phase.\necho \"SUCCESS\" > \"${SCRIPT_OUTPUT_FILE_0}\"\n";
			showEnvVarsInLog = 0;
		};
		DD1BAAB8AC78ABE6723A4A19 /* [CP] Embed Pods Frameworks */ = {
			isa = PBXShellScriptBuildPhase;
			buildActionMask = 2147483647;
			files = (
			);
			inputFileListPaths = (
				"${PODS_ROOT}/Target Support Files/Pods-QuizApp/Pods-QuizApp-frameworks-${CONFIGURATION}-input-files.xcfilelist",
			);
			name = "[CP] Embed Pods Frameworks";
			outputFileListPaths = (
				"${PODS_ROOT}/Target Support Files/Pods-QuizApp/Pods-QuizApp-frameworks-${CONFIGURATION}-output-files.xcfilelist",
			);
			runOnlyForDeploymentPostprocessing = 0;
			shellPath = /bin/sh;
			shellScript = "\"${PODS_ROOT}/Target Support Files/Pods-QuizApp/Pods-QuizApp-frameworks.sh\"\n";
			showEnvVarsInLog = 0;
		};
/* End PBXShellScriptBuildPhase section */

/* Begin PBXSourcesBuildPhase section */
		1EA71A2D2854FD7F004422A9 /* Sources */ = {
			isa = PBXSourcesBuildPhase;
			buildActionMask = 2147483647;
			files = (
				1EA71A6628551ABC004422A9 /* LoginViewController.swift in Sources */,
				1EA71A392854FD7F004422A9 /* ViewController.swift in Sources */,
				1EA71A6B28551F89004422A9 /* GradientView.swift in Sources */,
				1EA71A352854FD7F004422A9 /* AppDelegate.swift in Sources */,
				1EA71A372854FD7F004422A9 /* SceneDelegate.swift in Sources */,
			);
			runOnlyForDeploymentPostprocessing = 0;
		};
		1EA71A432854FD86004422A9 /* Sources */ = {
			isa = PBXSourcesBuildPhase;
			buildActionMask = 2147483647;
			files = (
				1EA71A4C2854FD87004422A9 /* QuizAppTests.swift in Sources */,
			);
			runOnlyForDeploymentPostprocessing = 0;
		};
		1EA71A4D2854FD87004422A9 /* Sources */ = {
			isa = PBXSourcesBuildPhase;
			buildActionMask = 2147483647;
			files = (
				1EA71A562854FD87004422A9 /* QuizAppUITests.swift in Sources */,
				1EA71A582854FD87004422A9 /* QuizAppUITestsLaunchTests.swift in Sources */,
			);
			runOnlyForDeploymentPostprocessing = 0;
		};
/* End PBXSourcesBuildPhase section */

/* Begin PBXTargetDependency section */
		1EA71A492854FD87004422A9 /* PBXTargetDependency */ = {
			isa = PBXTargetDependency;
			target = 1EA71A302854FD7F004422A9 /* QuizApp */;
			targetProxy = 1EA71A482854FD87004422A9 /* PBXContainerItemProxy */;
		};
		1EA71A532854FD87004422A9 /* PBXTargetDependency */ = {
			isa = PBXTargetDependency;
			target = 1EA71A302854FD7F004422A9 /* QuizApp */;
			targetProxy = 1EA71A522854FD87004422A9 /* PBXContainerItemProxy */;
		};
/* End PBXTargetDependency section */

/* Begin PBXVariantGroup section */
		1EA71A3A2854FD7F004422A9 /* Main.storyboard */ = {
			isa = PBXVariantGroup;
			children = (
				1EA71A3B2854FD7F004422A9 /* Base */,
			);
			name = Main.storyboard;
			sourceTree = "<group>";
		};
		1EA71A3F2854FD86004422A9 /* LaunchScreen.storyboard */ = {
			isa = PBXVariantGroup;
			children = (
				1EA71A402854FD86004422A9 /* Base */,
			);
			name = LaunchScreen.storyboard;
			sourceTree = "<group>";
		};
/* End PBXVariantGroup section */

/* Begin XCBuildConfiguration section */
		1EA71A592854FD87004422A9 /* Debug */ = {
			isa = XCBuildConfiguration;
			buildSettings = {
				ALWAYS_SEARCH_USER_PATHS = NO;
				CLANG_ANALYZER_NONNULL = YES;
				CLANG_ANALYZER_NUMBER_OBJECT_CONVERSION = YES_AGGRESSIVE;
				CLANG_CXX_LANGUAGE_STANDARD = "gnu++17";
				CLANG_ENABLE_MODULES = YES;
				CLANG_ENABLE_OBJC_ARC = YES;
				CLANG_ENABLE_OBJC_WEAK = YES;
				CLANG_WARN_BLOCK_CAPTURE_AUTORELEASING = YES;
				CLANG_WARN_BOOL_CONVERSION = YES;
				CLANG_WARN_COMMA = YES;
				CLANG_WARN_CONSTANT_CONVERSION = YES;
				CLANG_WARN_DEPRECATED_OBJC_IMPLEMENTATIONS = YES;
				CLANG_WARN_DIRECT_OBJC_ISA_USAGE = YES_ERROR;
				CLANG_WARN_DOCUMENTATION_COMMENTS = YES;
				CLANG_WARN_EMPTY_BODY = YES;
				CLANG_WARN_ENUM_CONVERSION = YES;
				CLANG_WARN_INFINITE_RECURSION = YES;
				CLANG_WARN_INT_CONVERSION = YES;
				CLANG_WARN_NON_LITERAL_NULL_CONVERSION = YES;
				CLANG_WARN_OBJC_IMPLICIT_RETAIN_SELF = YES;
				CLANG_WARN_OBJC_LITERAL_CONVERSION = YES;
				CLANG_WARN_OBJC_ROOT_CLASS = YES_ERROR;
				CLANG_WARN_QUOTED_INCLUDE_IN_FRAMEWORK_HEADER = YES;
				CLANG_WARN_RANGE_LOOP_ANALYSIS = YES;
				CLANG_WARN_STRICT_PROTOTYPES = YES;
				CLANG_WARN_SUSPICIOUS_MOVE = YES;
				CLANG_WARN_UNGUARDED_AVAILABILITY = YES_AGGRESSIVE;
				CLANG_WARN_UNREACHABLE_CODE = YES;
				CLANG_WARN__DUPLICATE_METHOD_MATCH = YES;
				COPY_PHASE_STRIP = NO;
				DEBUG_INFORMATION_FORMAT = dwarf;
				ENABLE_STRICT_OBJC_MSGSEND = YES;
				ENABLE_TESTABILITY = YES;
				GCC_C_LANGUAGE_STANDARD = gnu11;
				GCC_DYNAMIC_NO_PIC = NO;
				GCC_NO_COMMON_BLOCKS = YES;
				GCC_OPTIMIZATION_LEVEL = 0;
				GCC_PREPROCESSOR_DEFINITIONS = (
					"DEBUG=1",
					"$(inherited)",
				);
				GCC_WARN_64_TO_32_BIT_CONVERSION = YES;
				GCC_WARN_ABOUT_RETURN_TYPE = YES_ERROR;
				GCC_WARN_UNDECLARED_SELECTOR = YES;
				GCC_WARN_UNINITIALIZED_AUTOS = YES_AGGRESSIVE;
				GCC_WARN_UNUSED_FUNCTION = YES;
				GCC_WARN_UNUSED_VARIABLE = YES;
				IPHONEOS_DEPLOYMENT_TARGET = 13.0;
				MTL_ENABLE_DEBUG_INFO = INCLUDE_SOURCE;
				MTL_FAST_MATH = YES;
				ONLY_ACTIVE_ARCH = YES;
				SDKROOT = iphoneos;
				SWIFT_ACTIVE_COMPILATION_CONDITIONS = DEBUG;
				SWIFT_OPTIMIZATION_LEVEL = "-Onone";
			};
			name = Debug;
		};
		1EA71A5A2854FD87004422A9 /* Release */ = {
			isa = XCBuildConfiguration;
			buildSettings = {
				ALWAYS_SEARCH_USER_PATHS = NO;
				CLANG_ANALYZER_NONNULL = YES;
				CLANG_ANALYZER_NUMBER_OBJECT_CONVERSION = YES_AGGRESSIVE;
				CLANG_CXX_LANGUAGE_STANDARD = "gnu++17";
				CLANG_ENABLE_MODULES = YES;
				CLANG_ENABLE_OBJC_ARC = YES;
				CLANG_ENABLE_OBJC_WEAK = YES;
				CLANG_WARN_BLOCK_CAPTURE_AUTORELEASING = YES;
				CLANG_WARN_BOOL_CONVERSION = YES;
				CLANG_WARN_COMMA = YES;
				CLANG_WARN_CONSTANT_CONVERSION = YES;
				CLANG_WARN_DEPRECATED_OBJC_IMPLEMENTATIONS = YES;
				CLANG_WARN_DIRECT_OBJC_ISA_USAGE = YES_ERROR;
				CLANG_WARN_DOCUMENTATION_COMMENTS = YES;
				CLANG_WARN_EMPTY_BODY = YES;
				CLANG_WARN_ENUM_CONVERSION = YES;
				CLANG_WARN_INFINITE_RECURSION = YES;
				CLANG_WARN_INT_CONVERSION = YES;
				CLANG_WARN_NON_LITERAL_NULL_CONVERSION = YES;
				CLANG_WARN_OBJC_IMPLICIT_RETAIN_SELF = YES;
				CLANG_WARN_OBJC_LITERAL_CONVERSION = YES;
				CLANG_WARN_OBJC_ROOT_CLASS = YES_ERROR;
				CLANG_WARN_QUOTED_INCLUDE_IN_FRAMEWORK_HEADER = YES;
				CLANG_WARN_RANGE_LOOP_ANALYSIS = YES;
				CLANG_WARN_STRICT_PROTOTYPES = YES;
				CLANG_WARN_SUSPICIOUS_MOVE = YES;
				CLANG_WARN_UNGUARDED_AVAILABILITY = YES_AGGRESSIVE;
				CLANG_WARN_UNREACHABLE_CODE = YES;
				CLANG_WARN__DUPLICATE_METHOD_MATCH = YES;
				COPY_PHASE_STRIP = NO;
				DEBUG_INFORMATION_FORMAT = "dwarf-with-dsym";
				ENABLE_NS_ASSERTIONS = NO;
				ENABLE_STRICT_OBJC_MSGSEND = YES;
				GCC_C_LANGUAGE_STANDARD = gnu11;
				GCC_NO_COMMON_BLOCKS = YES;
				GCC_WARN_64_TO_32_BIT_CONVERSION = YES;
				GCC_WARN_ABOUT_RETURN_TYPE = YES_ERROR;
				GCC_WARN_UNDECLARED_SELECTOR = YES;
				GCC_WARN_UNINITIALIZED_AUTOS = YES_AGGRESSIVE;
				GCC_WARN_UNUSED_FUNCTION = YES;
				GCC_WARN_UNUSED_VARIABLE = YES;
				IPHONEOS_DEPLOYMENT_TARGET = 13.0;
				MTL_ENABLE_DEBUG_INFO = NO;
				MTL_FAST_MATH = YES;
				SDKROOT = iphoneos;
				SWIFT_COMPILATION_MODE = wholemodule;
				SWIFT_OPTIMIZATION_LEVEL = "-O";
				VALIDATE_PRODUCT = YES;
			};
			name = Release;
		};
		1EA71A5C2854FD87004422A9 /* Debug */ = {
			isa = XCBuildConfiguration;
			baseConfigurationReference = 26A48ED7F7BCADFC4D8BF290 /* Pods-QuizApp.debug.xcconfig */;
			buildSettings = {
				ASSETCATALOG_COMPILER_APPICON_NAME = AppIcon;
				ASSETCATALOG_COMPILER_GLOBAL_ACCENT_COLOR_NAME = AccentColor;
				CODE_SIGN_STYLE = Automatic;
				CURRENT_PROJECT_VERSION = 1;
				DEVELOPMENT_TEAM = 28H8755HMD;
				GENERATE_INFOPLIST_FILE = YES;
				INFOPLIST_FILE = QuizApp/Info.plist;
				INFOPLIST_KEY_UIApplicationSupportsIndirectInputEvents = YES;
				INFOPLIST_KEY_UILaunchStoryboardName = LaunchScreen;
				INFOPLIST_KEY_UIMainStoryboardFile = Main;
				INFOPLIST_KEY_UISupportedInterfaceOrientations_iPad = "UIInterfaceOrientationPortrait UIInterfaceOrientationPortraitUpsideDown UIInterfaceOrientationLandscapeLeft UIInterfaceOrientationLandscapeRight";
				INFOPLIST_KEY_UISupportedInterfaceOrientations_iPhone = "UIInterfaceOrientationPortrait UIInterfaceOrientationLandscapeLeft UIInterfaceOrientationLandscapeRight";
				IPHONEOS_DEPLOYMENT_TARGET = 13.0;
				LD_RUNPATH_SEARCH_PATHS = (
					"$(inherited)",
					"@executable_path/Frameworks",
				);
				MARKETING_VERSION = 1.0;
				PRODUCT_BUNDLE_IDENTIFIER = huuhai.ha.QuizApp;
				PRODUCT_NAME = "$(TARGET_NAME)";
				SWIFT_EMIT_LOC_STRINGS = YES;
				SWIFT_VERSION = 5.0;
				TARGETED_DEVICE_FAMILY = "1,2";
			};
			name = Debug;
		};
		1EA71A5D2854FD87004422A9 /* Release */ = {
			isa = XCBuildConfiguration;
			baseConfigurationReference = 4B71EE105C021EE00486FE89 /* Pods-QuizApp.release.xcconfig */;
			buildSettings = {
				ASSETCATALOG_COMPILER_APPICON_NAME = AppIcon;
				ASSETCATALOG_COMPILER_GLOBAL_ACCENT_COLOR_NAME = AccentColor;
				CODE_SIGN_STYLE = Automatic;
				CURRENT_PROJECT_VERSION = 1;
				DEVELOPMENT_TEAM = 28H8755HMD;
				GENERATE_INFOPLIST_FILE = YES;
				INFOPLIST_FILE = QuizApp/Info.plist;
				INFOPLIST_KEY_UIApplicationSupportsIndirectInputEvents = YES;
				INFOPLIST_KEY_UILaunchStoryboardName = LaunchScreen;
				INFOPLIST_KEY_UIMainStoryboardFile = Main;
				INFOPLIST_KEY_UISupportedInterfaceOrientations_iPad = "UIInterfaceOrientationPortrait UIInterfaceOrientationPortraitUpsideDown UIInterfaceOrientationLandscapeLeft UIInterfaceOrientationLandscapeRight";
				INFOPLIST_KEY_UISupportedInterfaceOrientations_iPhone = "UIInterfaceOrientationPortrait UIInterfaceOrientationLandscapeLeft UIInterfaceOrientationLandscapeRight";
				IPHONEOS_DEPLOYMENT_TARGET = 13.0;
				LD_RUNPATH_SEARCH_PATHS = (
					"$(inherited)",
					"@executable_path/Frameworks",
				);
				MARKETING_VERSION = 1.0;
				PRODUCT_BUNDLE_IDENTIFIER = huuhai.ha.QuizApp;
				PRODUCT_NAME = "$(TARGET_NAME)";
				SWIFT_EMIT_LOC_STRINGS = YES;
				SWIFT_VERSION = 5.0;
				TARGETED_DEVICE_FAMILY = "1,2";
			};
			name = Release;
		};
		1EA71A5F2854FD87004422A9 /* Debug */ = {
			isa = XCBuildConfiguration;
			baseConfigurationReference = F4FFABBDF0DF6D3F6F8F2C85 /* Pods-QuizAppTests.debug.xcconfig */;
			buildSettings = {
				ALWAYS_EMBED_SWIFT_STANDARD_LIBRARIES = YES;
				BUNDLE_LOADER = "$(TEST_HOST)";
				CODE_SIGN_STYLE = Automatic;
				CURRENT_PROJECT_VERSION = 1;
				DEVELOPMENT_TEAM = 28H8755HMD;
				GENERATE_INFOPLIST_FILE = YES;
				IPHONEOS_DEPLOYMENT_TARGET = 15.4;
				MARKETING_VERSION = 1.0;
				PRODUCT_BUNDLE_IDENTIFIER = huuhai.ha.QuizAppTests;
				PRODUCT_NAME = "$(TARGET_NAME)";
				SWIFT_EMIT_LOC_STRINGS = NO;
				SWIFT_VERSION = 5.0;
				TARGETED_DEVICE_FAMILY = "1,2";
				TEST_HOST = "$(BUILT_PRODUCTS_DIR)/QuizApp.app/QuizApp";
			};
			name = Debug;
		};
		1EA71A602854FD87004422A9 /* Release */ = {
			isa = XCBuildConfiguration;
			baseConfigurationReference = F7AF576576E3D870BAFAD20A /* Pods-QuizAppTests.release.xcconfig */;
			buildSettings = {
				ALWAYS_EMBED_SWIFT_STANDARD_LIBRARIES = YES;
				BUNDLE_LOADER = "$(TEST_HOST)";
				CODE_SIGN_STYLE = Automatic;
				CURRENT_PROJECT_VERSION = 1;
				DEVELOPMENT_TEAM = 28H8755HMD;
				GENERATE_INFOPLIST_FILE = YES;
				IPHONEOS_DEPLOYMENT_TARGET = 15.4;
				MARKETING_VERSION = 1.0;
				PRODUCT_BUNDLE_IDENTIFIER = huuhai.ha.QuizAppTests;
				PRODUCT_NAME = "$(TARGET_NAME)";
				SWIFT_EMIT_LOC_STRINGS = NO;
				SWIFT_VERSION = 5.0;
				TARGETED_DEVICE_FAMILY = "1,2";
				TEST_HOST = "$(BUILT_PRODUCTS_DIR)/QuizApp.app/QuizApp";
			};
			name = Release;
		};
		1EA71A622854FD87004422A9 /* Debug */ = {
			isa = XCBuildConfiguration;
			baseConfigurationReference = 584C648E3815072E29426735 /* Pods-QuizApp-QuizAppUITests.debug.xcconfig */;
			buildSettings = {
				ALWAYS_EMBED_SWIFT_STANDARD_LIBRARIES = YES;
				CODE_SIGN_STYLE = Automatic;
				CURRENT_PROJECT_VERSION = 1;
				DEVELOPMENT_TEAM = 28H8755HMD;
				GENERATE_INFOPLIST_FILE = YES;
				MARKETING_VERSION = 1.0;
				PRODUCT_BUNDLE_IDENTIFIER = huuhai.ha.QuizAppUITests;
				PRODUCT_NAME = "$(TARGET_NAME)";
				SWIFT_EMIT_LOC_STRINGS = NO;
				SWIFT_VERSION = 5.0;
				TARGETED_DEVICE_FAMILY = "1,2";
				TEST_TARGET_NAME = QuizApp;
			};
			name = Debug;
		};
		1EA71A632854FD87004422A9 /* Release */ = {
			isa = XCBuildConfiguration;
			baseConfigurationReference = 7C52A69F664C4CF9EE7465D0 /* Pods-QuizApp-QuizAppUITests.release.xcconfig */;
			buildSettings = {
				ALWAYS_EMBED_SWIFT_STANDARD_LIBRARIES = YES;
				CODE_SIGN_STYLE = Automatic;
				CURRENT_PROJECT_VERSION = 1;
				DEVELOPMENT_TEAM = 28H8755HMD;
				GENERATE_INFOPLIST_FILE = YES;
				MARKETING_VERSION = 1.0;
				PRODUCT_BUNDLE_IDENTIFIER = huuhai.ha.QuizAppUITests;
				PRODUCT_NAME = "$(TARGET_NAME)";
				SWIFT_EMIT_LOC_STRINGS = NO;
				SWIFT_VERSION = 5.0;
				TARGETED_DEVICE_FAMILY = "1,2";
				TEST_TARGET_NAME = QuizApp;
			};
			name = Release;
		};
/* End XCBuildConfiguration section */

/* Begin XCConfigurationList section */
		1EA71A2C2854FD7E004422A9 /* Build configuration list for PBXProject "QuizApp" */ = {
			isa = XCConfigurationList;
			buildConfigurations = (
				1EA71A592854FD87004422A9 /* Debug */,
				1EA71A5A2854FD87004422A9 /* Release */,
			);
			defaultConfigurationIsVisible = 0;
			defaultConfigurationName = Release;
		};
		1EA71A5B2854FD87004422A9 /* Build configuration list for PBXNativeTarget "QuizApp" */ = {
			isa = XCConfigurationList;
			buildConfigurations = (
				1EA71A5C2854FD87004422A9 /* Debug */,
				1EA71A5D2854FD87004422A9 /* Release */,
			);
			defaultConfigurationIsVisible = 0;
			defaultConfigurationName = Release;
		};
		1EA71A5E2854FD87004422A9 /* Build configuration list for PBXNativeTarget "QuizAppTests" */ = {
			isa = XCConfigurationList;
			buildConfigurations = (
				1EA71A5F2854FD87004422A9 /* Debug */,
				1EA71A602854FD87004422A9 /* Release */,
			);
			defaultConfigurationIsVisible = 0;
			defaultConfigurationName = Release;
		};
		1EA71A612854FD87004422A9 /* Build configuration list for PBXNativeTarget "QuizAppUITests" */ = {
			isa = XCConfigurationList;
			buildConfigurations = (
				1EA71A622854FD87004422A9 /* Debug */,
				1EA71A632854FD87004422A9 /* Release */,
			);
			defaultConfigurationIsVisible = 0;
			defaultConfigurationName = Release;
		};
/* End XCConfigurationList section */
	};
	rootObject = 1EA71A292854FD7E004422A9 /* Project object */;
}
