// !$*UTF8*$!
{
	archiveVersion = 1;
	classes = {
	};
	objectVersion = 55;
	objects = {

/* Begin PBXBuildFile section */
		1E3D31A52886A62E0054F6F1 /* ListSubjectsViewController.swift in Sources */ = {isa = PBXBuildFile; fileRef = 1E3D31A42886A62E0054F6F1 /* ListSubjectsViewController.swift */; };
		1E3D31A62886A62E0054F6F1 /* ListSubjectsViewController.swift in Sources */ = {isa = PBXBuildFile; fileRef = 1E3D31A42886A62E0054F6F1 /* ListSubjectsViewController.swift */; };
		1E3D31A72886A62E0054F6F1 /* ListSubjectsViewController.swift in Sources */ = {isa = PBXBuildFile; fileRef = 1E3D31A42886A62E0054F6F1 /* ListSubjectsViewController.swift */; };
		1E3D31A92886A6360054F6F1 /* ListSubjectsViewController.storyboard in Resources */ = {isa = PBXBuildFile; fileRef = 1E3D31A82886A6360054F6F1 /* ListSubjectsViewController.storyboard */; };
		1E3D31AA2886A6360054F6F1 /* ListSubjectsViewController.storyboard in Resources */ = {isa = PBXBuildFile; fileRef = 1E3D31A82886A6360054F6F1 /* ListSubjectsViewController.storyboard */; };
		1E3D31AB2886A6360054F6F1 /* ListSubjectsViewController.storyboard in Resources */ = {isa = PBXBuildFile; fileRef = 1E3D31A82886A6360054F6F1 /* ListSubjectsViewController.storyboard */; };
		1E3D31AD2886B8930054F6F1 /* ListSubjectsViewModel.swift in Sources */ = {isa = PBXBuildFile; fileRef = 1E3D31AC2886B8930054F6F1 /* ListSubjectsViewModel.swift */; };
		1E3D31AE2886B8930054F6F1 /* ListSubjectsViewModel.swift in Sources */ = {isa = PBXBuildFile; fileRef = 1E3D31AC2886B8930054F6F1 /* ListSubjectsViewModel.swift */; };
		1E3D31AF2886B8930054F6F1 /* ListSubjectsViewModel.swift in Sources */ = {isa = PBXBuildFile; fileRef = 1E3D31AC2886B8930054F6F1 /* ListSubjectsViewModel.swift */; };
		1E3D31B128870FC40054F6F1 /* UIViewControllerExtension.swift in Sources */ = {isa = PBXBuildFile; fileRef = 1E3D31B028870FC40054F6F1 /* UIViewControllerExtension.swift */; };
		1E3D31B228870FC40054F6F1 /* UIViewControllerExtension.swift in Sources */ = {isa = PBXBuildFile; fileRef = 1E3D31B028870FC40054F6F1 /* UIViewControllerExtension.swift */; };
		1E3D31B328870FC40054F6F1 /* UIViewControllerExtension.swift in Sources */ = {isa = PBXBuildFile; fileRef = 1E3D31B028870FC40054F6F1 /* UIViewControllerExtension.swift */; };
		1E3D31B528872F030054F6F1 /* ShadowView.swift in Sources */ = {isa = PBXBuildFile; fileRef = 1E3D31B428872F030054F6F1 /* ShadowView.swift */; };
		1E3D31B628872F030054F6F1 /* ShadowView.swift in Sources */ = {isa = PBXBuildFile; fileRef = 1E3D31B428872F030054F6F1 /* ShadowView.swift */; };
		1E3D31B728872F030054F6F1 /* ShadowView.swift in Sources */ = {isa = PBXBuildFile; fileRef = 1E3D31B428872F030054F6F1 /* ShadowView.swift */; };
		1E3D31BC2888093C0054F6F1 /* FilterViewController.swift in Sources */ = {isa = PBXBuildFile; fileRef = 1E3D31BA2888093C0054F6F1 /* FilterViewController.swift */; };
		1E3D31BD2888093C0054F6F1 /* FilterViewController.swift in Sources */ = {isa = PBXBuildFile; fileRef = 1E3D31BA2888093C0054F6F1 /* FilterViewController.swift */; };
		1E3D31BE2888093C0054F6F1 /* FilterViewController.swift in Sources */ = {isa = PBXBuildFile; fileRef = 1E3D31BA2888093C0054F6F1 /* FilterViewController.swift */; };
		1E3D31BF2888093C0054F6F1 /* FilterViewController.xib in Resources */ = {isa = PBXBuildFile; fileRef = 1E3D31BB2888093C0054F6F1 /* FilterViewController.xib */; };
		1E3D31C02888093C0054F6F1 /* FilterViewController.xib in Resources */ = {isa = PBXBuildFile; fileRef = 1E3D31BB2888093C0054F6F1 /* FilterViewController.xib */; };
		1E3D31C12888093C0054F6F1 /* FilterViewController.xib in Resources */ = {isa = PBXBuildFile; fileRef = 1E3D31BB2888093C0054F6F1 /* FilterViewController.xib */; };
		1E3D31C528883B380054F6F1 /* DepartmentTableViewCell.swift in Sources */ = {isa = PBXBuildFile; fileRef = 1E3D31C328883B380054F6F1 /* DepartmentTableViewCell.swift */; };
		1E3D31C628883B380054F6F1 /* DepartmentTableViewCell.swift in Sources */ = {isa = PBXBuildFile; fileRef = 1E3D31C328883B380054F6F1 /* DepartmentTableViewCell.swift */; };
		1E3D31C728883B380054F6F1 /* DepartmentTableViewCell.swift in Sources */ = {isa = PBXBuildFile; fileRef = 1E3D31C328883B380054F6F1 /* DepartmentTableViewCell.swift */; };
		1E3D31C828883B380054F6F1 /* DepartmentTableViewCell.xib in Resources */ = {isa = PBXBuildFile; fileRef = 1E3D31C428883B380054F6F1 /* DepartmentTableViewCell.xib */; };
		1E3D31C928883B380054F6F1 /* DepartmentTableViewCell.xib in Resources */ = {isa = PBXBuildFile; fileRef = 1E3D31C428883B380054F6F1 /* DepartmentTableViewCell.xib */; };
		1E3D31CA28883B380054F6F1 /* DepartmentTableViewCell.xib in Resources */ = {isa = PBXBuildFile; fileRef = 1E3D31C428883B380054F6F1 /* DepartmentTableViewCell.xib */; };
		1E4F4F56288E439500A72642 /* QuizViewController.swift in Sources */ = {isa = PBXBuildFile; fileRef = 1E4F4F55288E439500A72642 /* QuizViewController.swift */; };
		1E4F4F57288E439500A72642 /* QuizViewController.swift in Sources */ = {isa = PBXBuildFile; fileRef = 1E4F4F55288E439500A72642 /* QuizViewController.swift */; };
		1E4F4F58288E439500A72642 /* QuizViewController.swift in Sources */ = {isa = PBXBuildFile; fileRef = 1E4F4F55288E439500A72642 /* QuizViewController.swift */; };
		1E4F4F5A288E43A100A72642 /* QuizViewController.storyboard in Resources */ = {isa = PBXBuildFile; fileRef = 1E4F4F59288E43A100A72642 /* QuizViewController.storyboard */; };
		1E4F4F5B288E43A100A72642 /* QuizViewController.storyboard in Resources */ = {isa = PBXBuildFile; fileRef = 1E4F4F59288E43A100A72642 /* QuizViewController.storyboard */; };
		1E4F4F5C288E43A100A72642 /* QuizViewController.storyboard in Resources */ = {isa = PBXBuildFile; fileRef = 1E4F4F59288E43A100A72642 /* QuizViewController.storyboard */; };
		1E4F4F60288E592200A72642 /* QuizCollectionViewCell.swift in Sources */ = {isa = PBXBuildFile; fileRef = 1E4F4F5E288E592200A72642 /* QuizCollectionViewCell.swift */; };
		1E4F4F61288E592200A72642 /* QuizCollectionViewCell.swift in Sources */ = {isa = PBXBuildFile; fileRef = 1E4F4F5E288E592200A72642 /* QuizCollectionViewCell.swift */; };
		1E4F4F62288E592200A72642 /* QuizCollectionViewCell.swift in Sources */ = {isa = PBXBuildFile; fileRef = 1E4F4F5E288E592200A72642 /* QuizCollectionViewCell.swift */; };
		1E4F4F63288E592200A72642 /* QuizCollectionViewCell.xib in Resources */ = {isa = PBXBuildFile; fileRef = 1E4F4F5F288E592200A72642 /* QuizCollectionViewCell.xib */; };
		1E4F4F64288E592200A72642 /* QuizCollectionViewCell.xib in Resources */ = {isa = PBXBuildFile; fileRef = 1E4F4F5F288E592200A72642 /* QuizCollectionViewCell.xib */; };
		1E4F4F65288E592200A72642 /* QuizCollectionViewCell.xib in Resources */ = {isa = PBXBuildFile; fileRef = 1E4F4F5F288E592200A72642 /* QuizCollectionViewCell.xib */; };
		1E58E558286E97D2006ECBFF /* BaseViewController.swift in Sources */ = {isa = PBXBuildFile; fileRef = 1E58E557286E97D2006ECBFF /* BaseViewController.swift */; };
		1E58E559286E97D2006ECBFF /* BaseViewController.swift in Sources */ = {isa = PBXBuildFile; fileRef = 1E58E557286E97D2006ECBFF /* BaseViewController.swift */; };
		1E58E55A286E97D2006ECBFF /* BaseViewController.swift in Sources */ = {isa = PBXBuildFile; fileRef = 1E58E557286E97D2006ECBFF /* BaseViewController.swift */; };
		1E58E55C286E97E2006ECBFF /* BaseViewController.storyboard in Resources */ = {isa = PBXBuildFile; fileRef = 1E58E55B286E97E2006ECBFF /* BaseViewController.storyboard */; };
		1E58E55D286E97E2006ECBFF /* BaseViewController.storyboard in Resources */ = {isa = PBXBuildFile; fileRef = 1E58E55B286E97E2006ECBFF /* BaseViewController.storyboard */; };
		1E58E55E286E97E2006ECBFF /* BaseViewController.storyboard in Resources */ = {isa = PBXBuildFile; fileRef = 1E58E55B286E97E2006ECBFF /* BaseViewController.storyboard */; };
		1E58E562286E98CF006ECBFF /* SideMenuViewController.swift in Sources */ = {isa = PBXBuildFile; fileRef = 1E58E561286E98CF006ECBFF /* SideMenuViewController.swift */; };
		1E58E563286E98CF006ECBFF /* SideMenuViewController.swift in Sources */ = {isa = PBXBuildFile; fileRef = 1E58E561286E98CF006ECBFF /* SideMenuViewController.swift */; };
		1E58E564286E98CF006ECBFF /* SideMenuViewController.swift in Sources */ = {isa = PBXBuildFile; fileRef = 1E58E561286E98CF006ECBFF /* SideMenuViewController.swift */; };
		1E58E566286E98D8006ECBFF /* SideMenuViewController.storyboard in Resources */ = {isa = PBXBuildFile; fileRef = 1E58E565286E98D8006ECBFF /* SideMenuViewController.storyboard */; };
		1E58E567286E98D8006ECBFF /* SideMenuViewController.storyboard in Resources */ = {isa = PBXBuildFile; fileRef = 1E58E565286E98D8006ECBFF /* SideMenuViewController.storyboard */; };
		1E58E568286E98D8006ECBFF /* SideMenuViewController.storyboard in Resources */ = {isa = PBXBuildFile; fileRef = 1E58E565286E98D8006ECBFF /* SideMenuViewController.storyboard */; };
		1E58E56A286E994B006ECBFF /* SideMenuModel.swift in Sources */ = {isa = PBXBuildFile; fileRef = 1E58E569286E994B006ECBFF /* SideMenuModel.swift */; };
		1E58E56B286E994B006ECBFF /* SideMenuModel.swift in Sources */ = {isa = PBXBuildFile; fileRef = 1E58E569286E994B006ECBFF /* SideMenuModel.swift */; };
		1E58E56C286E994B006ECBFF /* SideMenuModel.swift in Sources */ = {isa = PBXBuildFile; fileRef = 1E58E569286E994B006ECBFF /* SideMenuModel.swift */; };
		1E58E56F286E997B006ECBFF /* SideMenuCell.swift in Sources */ = {isa = PBXBuildFile; fileRef = 1E58E56D286E997B006ECBFF /* SideMenuCell.swift */; };
		1E58E570286E997B006ECBFF /* SideMenuCell.swift in Sources */ = {isa = PBXBuildFile; fileRef = 1E58E56D286E997B006ECBFF /* SideMenuCell.swift */; };
		1E58E571286E997B006ECBFF /* SideMenuCell.swift in Sources */ = {isa = PBXBuildFile; fileRef = 1E58E56D286E997B006ECBFF /* SideMenuCell.swift */; };
		1E58E572286E997B006ECBFF /* SideMenuCell.xib in Resources */ = {isa = PBXBuildFile; fileRef = 1E58E56E286E997B006ECBFF /* SideMenuCell.xib */; };
		1E58E573286E997B006ECBFF /* SideMenuCell.xib in Resources */ = {isa = PBXBuildFile; fileRef = 1E58E56E286E997B006ECBFF /* SideMenuCell.xib */; };
		1E58E574286E997B006ECBFF /* SideMenuCell.xib in Resources */ = {isa = PBXBuildFile; fileRef = 1E58E56E286E997B006ECBFF /* SideMenuCell.xib */; };
		1E6C3C08285828DA00F0838A /* Constants.swift in Sources */ = {isa = PBXBuildFile; fileRef = 1E6C3C07285828DA00F0838A /* Constants.swift */; };
		1E6C3C0A28582A9C00F0838A /* TargetType.swift in Sources */ = {isa = PBXBuildFile; fileRef = 1E6C3C0928582A9C00F0838A /* TargetType.swift */; };
		1E6C3C0C28582B1D00F0838A /* RepositoriesNetworking.swift in Sources */ = {isa = PBXBuildFile; fileRef = 1E6C3C0B28582B1D00F0838A /* RepositoriesNetworking.swift */; };
		1E6C3C0E28582E6000F0838A /* BaseAPI.swift in Sources */ = {isa = PBXBuildFile; fileRef = 1E6C3C0D28582E6000F0838A /* BaseAPI.swift */; };
		1E6C3C112858453E00F0838A /* User.swift in Sources */ = {isa = PBXBuildFile; fileRef = 1E6C3C102858453E00F0838A /* User.swift */; };
		1E6C3C132858467200F0838A /* LoginAPI.swift in Sources */ = {isa = PBXBuildFile; fileRef = 1E6C3C122858467200F0838A /* LoginAPI.swift */; };
		1E6C3C152858491900F0838A /* LoginViewModel.swift in Sources */ = {isa = PBXBuildFile; fileRef = 1E6C3C142858491900F0838A /* LoginViewModel.swift */; };
		1E85B632286B4EA600767686 /* UserInfoViewController.swift in Sources */ = {isa = PBXBuildFile; fileRef = 1E85B631286B4EA600767686 /* UserInfoViewController.swift */; };
		1E85B633286B4EA600767686 /* UserInfoViewController.swift in Sources */ = {isa = PBXBuildFile; fileRef = 1E85B631286B4EA600767686 /* UserInfoViewController.swift */; };
		1E85B634286B4EA600767686 /* UserInfoViewController.swift in Sources */ = {isa = PBXBuildFile; fileRef = 1E85B631286B4EA600767686 /* UserInfoViewController.swift */; };
		1E85B636286B4EAD00767686 /* UserInfoViewController.storyboard in Resources */ = {isa = PBXBuildFile; fileRef = 1E85B635286B4EAD00767686 /* UserInfoViewController.storyboard */; };
		1E85B637286B4EAD00767686 /* UserInfoViewController.storyboard in Resources */ = {isa = PBXBuildFile; fileRef = 1E85B635286B4EAD00767686 /* UserInfoViewController.storyboard */; };
		1E85B638286B4EAD00767686 /* UserInfoViewController.storyboard in Resources */ = {isa = PBXBuildFile; fileRef = 1E85B635286B4EAD00767686 /* UserInfoViewController.storyboard */; };
		1E85B63A286B5EB100767686 /* TabBarView.swift in Sources */ = {isa = PBXBuildFile; fileRef = 1E85B639286B5EB100767686 /* TabBarView.swift */; };
		1E85B63B286B5EB100767686 /* TabBarView.swift in Sources */ = {isa = PBXBuildFile; fileRef = 1E85B639286B5EB100767686 /* TabBarView.swift */; };
		1E85B63C286B5EB100767686 /* TabBarView.swift in Sources */ = {isa = PBXBuildFile; fileRef = 1E85B639286B5EB100767686 /* TabBarView.swift */; };
		1E85B63E286B5EC400767686 /* TabBarView.xib in Resources */ = {isa = PBXBuildFile; fileRef = 1E85B63D286B5EC400767686 /* TabBarView.xib */; };
		1E85B63F286B5EC400767686 /* TabBarView.xib in Resources */ = {isa = PBXBuildFile; fileRef = 1E85B63D286B5EC400767686 /* TabBarView.xib */; };
		1E85B640286B5EC400767686 /* TabBarView.xib in Resources */ = {isa = PBXBuildFile; fileRef = 1E85B63D286B5EC400767686 /* TabBarView.xib */; };
		1E85B646286B63D800767686 /* UIViewExtension.swift in Sources */ = {isa = PBXBuildFile; fileRef = 1E85B645286B63D800767686 /* UIViewExtension.swift */; };
		1E85B647286B63D800767686 /* UIViewExtension.swift in Sources */ = {isa = PBXBuildFile; fileRef = 1E85B645286B63D800767686 /* UIViewExtension.swift */; };
		1E85B648286B63D800767686 /* UIViewExtension.swift in Sources */ = {isa = PBXBuildFile; fileRef = 1E85B645286B63D800767686 /* UIViewExtension.swift */; };
		1E85B64B286BF4AD00767686 /* HistoryViewController.swift in Sources */ = {isa = PBXBuildFile; fileRef = 1E85B64A286BF4AD00767686 /* HistoryViewController.swift */; };
		1E85B64C286BF4AD00767686 /* HistoryViewController.swift in Sources */ = {isa = PBXBuildFile; fileRef = 1E85B64A286BF4AD00767686 /* HistoryViewController.swift */; };
		1E85B64D286BF4AD00767686 /* HistoryViewController.swift in Sources */ = {isa = PBXBuildFile; fileRef = 1E85B64A286BF4AD00767686 /* HistoryViewController.swift */; };
		1E85B64F286BF4B700767686 /* HistoryViewController.storyboard in Resources */ = {isa = PBXBuildFile; fileRef = 1E85B64E286BF4B700767686 /* HistoryViewController.storyboard */; };
		1E85B650286BF4B700767686 /* HistoryViewController.storyboard in Resources */ = {isa = PBXBuildFile; fileRef = 1E85B64E286BF4B700767686 /* HistoryViewController.storyboard */; };
		1E85B651286BF4B700767686 /* HistoryViewController.storyboard in Resources */ = {isa = PBXBuildFile; fileRef = 1E85B64E286BF4B700767686 /* HistoryViewController.storyboard */; };
		1E85B654286BF5C800767686 /* ExamUploadViewController.swift in Sources */ = {isa = PBXBuildFile; fileRef = 1E85B653286BF5C800767686 /* ExamUploadViewController.swift */; };
		1E85B655286BF5C800767686 /* ExamUploadViewController.swift in Sources */ = {isa = PBXBuildFile; fileRef = 1E85B653286BF5C800767686 /* ExamUploadViewController.swift */; };
		1E85B656286BF5C800767686 /* ExamUploadViewController.swift in Sources */ = {isa = PBXBuildFile; fileRef = 1E85B653286BF5C800767686 /* ExamUploadViewController.swift */; };
		1E85B658286BF5D000767686 /* ExamUploadViewController.storyboard in Resources */ = {isa = PBXBuildFile; fileRef = 1E85B657286BF5D000767686 /* ExamUploadViewController.storyboard */; };
		1E85B659286BF5D000767686 /* ExamUploadViewController.storyboard in Resources */ = {isa = PBXBuildFile; fileRef = 1E85B657286BF5D000767686 /* ExamUploadViewController.storyboard */; };
		1E85B65A286BF5D000767686 /* ExamUploadViewController.storyboard in Resources */ = {isa = PBXBuildFile; fileRef = 1E85B657286BF5D000767686 /* ExamUploadViewController.storyboard */; };
		1E892C052891C7A1005A61FA /* StringExtension.swift in Sources */ = {isa = PBXBuildFile; fileRef = 1E892C042891C7A1005A61FA /* StringExtension.swift */; };
		1E8D494C287FCD2100396DF6 /* SlidesCollectionViewCell.swift in Sources */ = {isa = PBXBuildFile; fileRef = 1E8D494A287FCD2100396DF6 /* SlidesCollectionViewCell.swift */; };
		1E8D494D287FCD2100396DF6 /* SlidesCollectionViewCell.swift in Sources */ = {isa = PBXBuildFile; fileRef = 1E8D494A287FCD2100396DF6 /* SlidesCollectionViewCell.swift */; };
		1E8D494E287FCD2100396DF6 /* SlidesCollectionViewCell.swift in Sources */ = {isa = PBXBuildFile; fileRef = 1E8D494A287FCD2100396DF6 /* SlidesCollectionViewCell.swift */; };
		1E8D494F287FCD2100396DF6 /* SlidesCollectionViewCell.xib in Resources */ = {isa = PBXBuildFile; fileRef = 1E8D494B287FCD2100396DF6 /* SlidesCollectionViewCell.xib */; };
		1E8D4950287FCD2100396DF6 /* SlidesCollectionViewCell.xib in Resources */ = {isa = PBXBuildFile; fileRef = 1E8D494B287FCD2100396DF6 /* SlidesCollectionViewCell.xib */; };
		1E8D4951287FCD2100396DF6 /* SlidesCollectionViewCell.xib in Resources */ = {isa = PBXBuildFile; fileRef = 1E8D494B287FCD2100396DF6 /* SlidesCollectionViewCell.xib */; };
		1E8D4955287FF4C100396DF6 /* SubjectsCollectionViewCell.swift in Sources */ = {isa = PBXBuildFile; fileRef = 1E8D4953287FF4C100396DF6 /* SubjectsCollectionViewCell.swift */; };
		1E8D4956287FF4C100396DF6 /* SubjectsCollectionViewCell.swift in Sources */ = {isa = PBXBuildFile; fileRef = 1E8D4953287FF4C100396DF6 /* SubjectsCollectionViewCell.swift */; };
		1E8D4957287FF4C100396DF6 /* SubjectsCollectionViewCell.swift in Sources */ = {isa = PBXBuildFile; fileRef = 1E8D4953287FF4C100396DF6 /* SubjectsCollectionViewCell.swift */; };
		1E8D4958287FF4C100396DF6 /* SubjectsCollectionViewCell.xib in Resources */ = {isa = PBXBuildFile; fileRef = 1E8D4954287FF4C100396DF6 /* SubjectsCollectionViewCell.xib */; };
		1E8D4959287FF4C100396DF6 /* SubjectsCollectionViewCell.xib in Resources */ = {isa = PBXBuildFile; fileRef = 1E8D4954287FF4C100396DF6 /* SubjectsCollectionViewCell.xib */; };
		1E8D495A287FF4C100396DF6 /* SubjectsCollectionViewCell.xib in Resources */ = {isa = PBXBuildFile; fileRef = 1E8D4954287FF4C100396DF6 /* SubjectsCollectionViewCell.xib */; };
		1E8D4969288161BB00396DF6 /* SubjectCollectionReusableView.swift in Sources */ = {isa = PBXBuildFile; fileRef = 1E8D4967288161BB00396DF6 /* SubjectCollectionReusableView.swift */; };
		1E8D496A288161BB00396DF6 /* SubjectCollectionReusableView.swift in Sources */ = {isa = PBXBuildFile; fileRef = 1E8D4967288161BB00396DF6 /* SubjectCollectionReusableView.swift */; };
		1E8D496B288161BB00396DF6 /* SubjectCollectionReusableView.swift in Sources */ = {isa = PBXBuildFile; fileRef = 1E8D4967288161BB00396DF6 /* SubjectCollectionReusableView.swift */; };
		1E8D496C288161BB00396DF6 /* SubjectCollectionReusableView.xib in Resources */ = {isa = PBXBuildFile; fileRef = 1E8D4968288161BB00396DF6 /* SubjectCollectionReusableView.xib */; };
		1E8D496D288161BB00396DF6 /* SubjectCollectionReusableView.xib in Resources */ = {isa = PBXBuildFile; fileRef = 1E8D4968288161BB00396DF6 /* SubjectCollectionReusableView.xib */; };
		1E8D496E288161BB00396DF6 /* SubjectCollectionReusableView.xib in Resources */ = {isa = PBXBuildFile; fileRef = 1E8D4968288161BB00396DF6 /* SubjectCollectionReusableView.xib */; };
		1E8D49702881679400396DF6 /* HomeViewModel.swift in Sources */ = {isa = PBXBuildFile; fileRef = 1E8D496F2881679400396DF6 /* HomeViewModel.swift */; };
		1E8D49712881679500396DF6 /* HomeViewModel.swift in Sources */ = {isa = PBXBuildFile; fileRef = 1E8D496F2881679400396DF6 /* HomeViewModel.swift */; };
		1E8D49722881679500396DF6 /* HomeViewModel.swift in Sources */ = {isa = PBXBuildFile; fileRef = 1E8D496F2881679400396DF6 /* HomeViewModel.swift */; };
		1E8D497428816CF800396DF6 /* Departments.swift in Sources */ = {isa = PBXBuildFile; fileRef = 1E8D497328816CF800396DF6 /* Departments.swift */; };
		1E8D497528816CF900396DF6 /* Departments.swift in Sources */ = {isa = PBXBuildFile; fileRef = 1E8D497328816CF800396DF6 /* Departments.swift */; };
		1E8D497628816CF900396DF6 /* Departments.swift in Sources */ = {isa = PBXBuildFile; fileRef = 1E8D497328816CF800396DF6 /* Departments.swift */; };
		1E8D4978288171D000396DF6 /* DepartmentAPI.swift in Sources */ = {isa = PBXBuildFile; fileRef = 1E8D4977288171D000396DF6 /* DepartmentAPI.swift */; };
		1E8D4979288171D000396DF6 /* DepartmentAPI.swift in Sources */ = {isa = PBXBuildFile; fileRef = 1E8D4977288171D000396DF6 /* DepartmentAPI.swift */; };
		1E8D497A288171D000396DF6 /* DepartmentAPI.swift in Sources */ = {isa = PBXBuildFile; fileRef = 1E8D4977288171D000396DF6 /* DepartmentAPI.swift */; };
		1E8D497D288537D600396DF6 /* ListExamsViewController.swift in Sources */ = {isa = PBXBuildFile; fileRef = 1E8D497C288537D600396DF6 /* ListExamsViewController.swift */; };
		1E8D497E288537D600396DF6 /* ListExamsViewController.swift in Sources */ = {isa = PBXBuildFile; fileRef = 1E8D497C288537D600396DF6 /* ListExamsViewController.swift */; };
		1E8D497F288537D600396DF6 /* ListExamsViewController.swift in Sources */ = {isa = PBXBuildFile; fileRef = 1E8D497C288537D600396DF6 /* ListExamsViewController.swift */; };
		1E8D4981288537E200396DF6 /* ListExamsViewController.storyboard in Resources */ = {isa = PBXBuildFile; fileRef = 1E8D4980288537E200396DF6 /* ListExamsViewController.storyboard */; };
		1E8D4982288537E200396DF6 /* ListExamsViewController.storyboard in Resources */ = {isa = PBXBuildFile; fileRef = 1E8D4980288537E200396DF6 /* ListExamsViewController.storyboard */; };
		1E8D4983288537E200396DF6 /* ListExamsViewController.storyboard in Resources */ = {isa = PBXBuildFile; fileRef = 1E8D4980288537E200396DF6 /* ListExamsViewController.storyboard */; };
		1E8D498728853F2400396DF6 /* ExamTableViewCell.swift in Sources */ = {isa = PBXBuildFile; fileRef = 1E8D498528853F2400396DF6 /* ExamTableViewCell.swift */; };
		1E8D498828853F2400396DF6 /* ExamTableViewCell.swift in Sources */ = {isa = PBXBuildFile; fileRef = 1E8D498528853F2400396DF6 /* ExamTableViewCell.swift */; };
		1E8D498928853F2400396DF6 /* ExamTableViewCell.swift in Sources */ = {isa = PBXBuildFile; fileRef = 1E8D498528853F2400396DF6 /* ExamTableViewCell.swift */; };
		1E8D498A28853F2400396DF6 /* ExamTableViewCell.xib in Resources */ = {isa = PBXBuildFile; fileRef = 1E8D498628853F2400396DF6 /* ExamTableViewCell.xib */; };
		1E8D498B28853F2400396DF6 /* ExamTableViewCell.xib in Resources */ = {isa = PBXBuildFile; fileRef = 1E8D498628853F2400396DF6 /* ExamTableViewCell.xib */; };
		1E8D498C28853F2400396DF6 /* ExamTableViewCell.xib in Resources */ = {isa = PBXBuildFile; fileRef = 1E8D498628853F2400396DF6 /* ExamTableViewCell.xib */; };
		1E97A7DB288E7C8D006D0FD6 /* ImagePopupViewController.swift in Sources */ = {isa = PBXBuildFile; fileRef = 1E97A7D9288E7C8D006D0FD6 /* ImagePopupViewController.swift */; };
		1E97A7DC288E7C8D006D0FD6 /* ImagePopupViewController.swift in Sources */ = {isa = PBXBuildFile; fileRef = 1E97A7D9288E7C8D006D0FD6 /* ImagePopupViewController.swift */; };
		1E97A7DD288E7C8D006D0FD6 /* ImagePopupViewController.swift in Sources */ = {isa = PBXBuildFile; fileRef = 1E97A7D9288E7C8D006D0FD6 /* ImagePopupViewController.swift */; };
		1E97A7DE288E7C8D006D0FD6 /* ImagePopupViewController.xib in Resources */ = {isa = PBXBuildFile; fileRef = 1E97A7DA288E7C8D006D0FD6 /* ImagePopupViewController.xib */; };
		1E97A7DF288E7C8D006D0FD6 /* ImagePopupViewController.xib in Resources */ = {isa = PBXBuildFile; fileRef = 1E97A7DA288E7C8D006D0FD6 /* ImagePopupViewController.xib */; };
		1E97A7E0288E7C8D006D0FD6 /* ImagePopupViewController.xib in Resources */ = {isa = PBXBuildFile; fileRef = 1E97A7DA288E7C8D006D0FD6 /* ImagePopupViewController.xib */; };
		1E980391286A9BB8000C032B /* ProjectManager.swift in Sources */ = {isa = PBXBuildFile; fileRef = 1E980390286A9BB8000C032B /* ProjectManager.swift */; };
		1E980392286A9BB8000C032B /* ProjectManager.swift in Sources */ = {isa = PBXBuildFile; fileRef = 1E980390286A9BB8000C032B /* ProjectManager.swift */; };
		1E980393286A9BB8000C032B /* ProjectManager.swift in Sources */ = {isa = PBXBuildFile; fileRef = 1E980390286A9BB8000C032B /* ProjectManager.swift */; };
		1E9803C3286AD654000C032B /* R.generated.swift in Sources */ = {isa = PBXBuildFile; fileRef = 1E9803C2286AD654000C032B /* R.generated.swift */; };
		1E9803C4286AD654000C032B /* R.generated.swift in Sources */ = {isa = PBXBuildFile; fileRef = 1E9803C2286AD654000C032B /* R.generated.swift */; };
		1E9803C5286AD654000C032B /* R.generated.swift in Sources */ = {isa = PBXBuildFile; fileRef = 1E9803C2286AD654000C032B /* R.generated.swift */; };
		1E9803C8286B29E9000C032B /* HomeViewController.swift in Sources */ = {isa = PBXBuildFile; fileRef = 1E9803C7286B29E9000C032B /* HomeViewController.swift */; };
		1E9803C9286B29E9000C032B /* HomeViewController.swift in Sources */ = {isa = PBXBuildFile; fileRef = 1E9803C7286B29E9000C032B /* HomeViewController.swift */; };
		1E9803CA286B29E9000C032B /* HomeViewController.swift in Sources */ = {isa = PBXBuildFile; fileRef = 1E9803C7286B29E9000C032B /* HomeViewController.swift */; };
		1E9803CC286B29F1000C032B /* HomeViewController.storyboard in Resources */ = {isa = PBXBuildFile; fileRef = 1E9803CB286B29F1000C032B /* HomeViewController.storyboard */; };
		1E9803CD286B29F1000C032B /* HomeViewController.storyboard in Resources */ = {isa = PBXBuildFile; fileRef = 1E9803CB286B29F1000C032B /* HomeViewController.storyboard */; };
		1E9803CE286B29F1000C032B /* HomeViewController.storyboard in Resources */ = {isa = PBXBuildFile; fileRef = 1E9803CB286B29F1000C032B /* HomeViewController.storyboard */; };
		1EA71A352854FD7F004422A9 /* AppDelegate.swift in Sources */ = {isa = PBXBuildFile; fileRef = 1EA71A342854FD7F004422A9 /* AppDelegate.swift */; };
		1EA71A372854FD7F004422A9 /* SceneDelegate.swift in Sources */ = {isa = PBXBuildFile; fileRef = 1EA71A362854FD7F004422A9 /* SceneDelegate.swift */; };
		1EA71A392854FD7F004422A9 /* ViewController.swift in Sources */ = {isa = PBXBuildFile; fileRef = 1EA71A382854FD7F004422A9 /* ViewController.swift */; };
		1EA71A3C2854FD7F004422A9 /* Main.storyboard in Resources */ = {isa = PBXBuildFile; fileRef = 1EA71A3A2854FD7F004422A9 /* Main.storyboard */; };
		1EA71A3E2854FD86004422A9 /* Assets.xcassets in Resources */ = {isa = PBXBuildFile; fileRef = 1EA71A3D2854FD86004422A9 /* Assets.xcassets */; };
		1EA71A412854FD86004422A9 /* LaunchScreen.storyboard in Resources */ = {isa = PBXBuildFile; fileRef = 1EA71A3F2854FD86004422A9 /* LaunchScreen.storyboard */; };
		1EA71A4C2854FD87004422A9 /* QuizAppTests.swift in Sources */ = {isa = PBXBuildFile; fileRef = 1EA71A4B2854FD87004422A9 /* QuizAppTests.swift */; };
		1EA71A562854FD87004422A9 /* QuizAppUITests.swift in Sources */ = {isa = PBXBuildFile; fileRef = 1EA71A552854FD87004422A9 /* QuizAppUITests.swift */; };
		1EA71A582854FD87004422A9 /* QuizAppUITestsLaunchTests.swift in Sources */ = {isa = PBXBuildFile; fileRef = 1EA71A572854FD87004422A9 /* QuizAppUITestsLaunchTests.swift */; };
		1EA71A6628551ABC004422A9 /* LoginViewController.swift in Sources */ = {isa = PBXBuildFile; fileRef = 1EA71A6528551ABC004422A9 /* LoginViewController.swift */; };
		1EA71A6828551ACC004422A9 /* LoginViewController.storyboard in Resources */ = {isa = PBXBuildFile; fileRef = 1EA71A6728551ACC004422A9 /* LoginViewController.storyboard */; };
		1EA71A6B28551F89004422A9 /* GradientView.swift in Sources */ = {isa = PBXBuildFile; fileRef = 1EA71A6A28551F89004422A9 /* GradientView.swift */; };
		1EA71A6D2857A8DF004422A9 /* DesignableUITextField.swift in Sources */ = {isa = PBXBuildFile; fileRef = 1EA71A6C2857A8DF004422A9 /* DesignableUITextField.swift */; };
		1EAA9720288A558A00401E88 /* ListExamsViewModel.swift in Sources */ = {isa = PBXBuildFile; fileRef = 1EAA971F288A558A00401E88 /* ListExamsViewModel.swift */; };
		1EAA9722288A56A600401E88 /* Exams.swift in Sources */ = {isa = PBXBuildFile; fileRef = 1EAA9721288A56A600401E88 /* Exams.swift */; };
		1EAA9724288A578500401E88 /* Page.swift in Sources */ = {isa = PBXBuildFile; fileRef = 1EAA9723288A578500401E88 /* Page.swift */; };
		1EAA9725288A578500401E88 /* Page.swift in Sources */ = {isa = PBXBuildFile; fileRef = 1EAA9723288A578500401E88 /* Page.swift */; };
		1EAA9726288A578500401E88 /* Page.swift in Sources */ = {isa = PBXBuildFile; fileRef = 1EAA9723288A578500401E88 /* Page.swift */; };
		1EAA9728288A5B2500401E88 /* ListExamsAPI.swift in Sources */ = {isa = PBXBuildFile; fileRef = 1EAA9727288A5B2500401E88 /* ListExamsAPI.swift */; };
		1EAA9729288A5B2500401E88 /* ListExamsAPI.swift in Sources */ = {isa = PBXBuildFile; fileRef = 1EAA9727288A5B2500401E88 /* ListExamsAPI.swift */; };
		1EAA972A288A5B2500401E88 /* ListExamsAPI.swift in Sources */ = {isa = PBXBuildFile; fileRef = 1EAA9727288A5B2500401E88 /* ListExamsAPI.swift */; };
		8FA04623E04179B6855E4CE4 /* Pods_QuizApp_QuizAppUITests.framework in Frameworks */ = {isa = PBXBuildFile; fileRef = 2F7019B0658F9B608B131B4F /* Pods_QuizApp_QuizAppUITests.framework */; };
		B4A8CF4DD0CE6D4DF93C1D36 /* Pods_QuizApp.framework in Frameworks */ = {isa = PBXBuildFile; fileRef = 97F3ECE62F6F18BDE046D6FB /* Pods_QuizApp.framework */; };
		D06443D6F0C3B82FC0F2C45B /* Pods_QuizAppTests.framework in Frameworks */ = {isa = PBXBuildFile; fileRef = 1532F080411E084A30FA7302 /* Pods_QuizAppTests.framework */; };
/* End PBXBuildFile section */

/* Begin PBXContainerItemProxy section */
		1EA71A482854FD87004422A9 /* PBXContainerItemProxy */ = {
			isa = PBXContainerItemProxy;
			containerPortal = 1EA71A292854FD7E004422A9 /* Project object */;
			proxyType = 1;
			remoteGlobalIDString = 1EA71A302854FD7F004422A9;
			remoteInfo = QuizApp;
		};
		1EA71A522854FD87004422A9 /* PBXContainerItemProxy */ = {
			isa = PBXContainerItemProxy;
			containerPortal = 1EA71A292854FD7E004422A9 /* Project object */;
			proxyType = 1;
			remoteGlobalIDString = 1EA71A302854FD7F004422A9;
			remoteInfo = QuizApp;
		};
/* End PBXContainerItemProxy section */

/* Begin PBXFileReference section */
		09DAC079AA7784A83F511BF9 /* Pods-QuizApp-QuizAppUITests.debug.xcconfig */ = {isa = PBXFileReference; includeInIndex = 1; lastKnownFileType = text.xcconfig; name = "Pods-QuizApp-QuizAppUITests.debug.xcconfig"; path = "Target Support Files/Pods-QuizApp-QuizAppUITests/Pods-QuizApp-QuizAppUITests.debug.xcconfig"; sourceTree = "<group>"; };
		1532F080411E084A30FA7302 /* Pods_QuizAppTests.framework */ = {isa = PBXFileReference; explicitFileType = wrapper.framework; includeInIndex = 0; path = Pods_QuizAppTests.framework; sourceTree = BUILT_PRODUCTS_DIR; };
		1E3D31A42886A62E0054F6F1 /* ListSubjectsViewController.swift */ = {isa = PBXFileReference; lastKnownFileType = sourcecode.swift; path = ListSubjectsViewController.swift; sourceTree = "<group>"; };
		1E3D31A82886A6360054F6F1 /* ListSubjectsViewController.storyboard */ = {isa = PBXFileReference; lastKnownFileType = file.storyboard; path = ListSubjectsViewController.storyboard; sourceTree = "<group>"; };
		1E3D31AC2886B8930054F6F1 /* ListSubjectsViewModel.swift */ = {isa = PBXFileReference; lastKnownFileType = sourcecode.swift; path = ListSubjectsViewModel.swift; sourceTree = "<group>"; };
		1E3D31B028870FC40054F6F1 /* UIViewControllerExtension.swift */ = {isa = PBXFileReference; lastKnownFileType = sourcecode.swift; path = UIViewControllerExtension.swift; sourceTree = "<group>"; };
		1E3D31B428872F030054F6F1 /* ShadowView.swift */ = {isa = PBXFileReference; lastKnownFileType = sourcecode.swift; path = ShadowView.swift; sourceTree = "<group>"; };
		1E3D31BA2888093C0054F6F1 /* FilterViewController.swift */ = {isa = PBXFileReference; lastKnownFileType = sourcecode.swift; path = FilterViewController.swift; sourceTree = "<group>"; };
		1E3D31BB2888093C0054F6F1 /* FilterViewController.xib */ = {isa = PBXFileReference; lastKnownFileType = file.xib; path = FilterViewController.xib; sourceTree = "<group>"; };
		1E3D31C328883B380054F6F1 /* DepartmentTableViewCell.swift */ = {isa = PBXFileReference; lastKnownFileType = sourcecode.swift; path = DepartmentTableViewCell.swift; sourceTree = "<group>"; };
		1E3D31C428883B380054F6F1 /* DepartmentTableViewCell.xib */ = {isa = PBXFileReference; lastKnownFileType = file.xib; path = DepartmentTableViewCell.xib; sourceTree = "<group>"; };
		1E4F4F55288E439500A72642 /* QuizViewController.swift */ = {isa = PBXFileReference; lastKnownFileType = sourcecode.swift; path = QuizViewController.swift; sourceTree = "<group>"; };
		1E4F4F59288E43A100A72642 /* QuizViewController.storyboard */ = {isa = PBXFileReference; lastKnownFileType = file.storyboard; path = QuizViewController.storyboard; sourceTree = "<group>"; };
		1E4F4F5E288E592200A72642 /* QuizCollectionViewCell.swift */ = {isa = PBXFileReference; lastKnownFileType = sourcecode.swift; path = QuizCollectionViewCell.swift; sourceTree = "<group>"; };
		1E4F4F5F288E592200A72642 /* QuizCollectionViewCell.xib */ = {isa = PBXFileReference; lastKnownFileType = file.xib; path = QuizCollectionViewCell.xib; sourceTree = "<group>"; };
		1E58E557286E97D2006ECBFF /* BaseViewController.swift */ = {isa = PBXFileReference; lastKnownFileType = sourcecode.swift; path = BaseViewController.swift; sourceTree = "<group>"; };
		1E58E55B286E97E2006ECBFF /* BaseViewController.storyboard */ = {isa = PBXFileReference; lastKnownFileType = file.storyboard; path = BaseViewController.storyboard; sourceTree = "<group>"; };
		1E58E561286E98CF006ECBFF /* SideMenuViewController.swift */ = {isa = PBXFileReference; lastKnownFileType = sourcecode.swift; path = SideMenuViewController.swift; sourceTree = "<group>"; };
		1E58E565286E98D8006ECBFF /* SideMenuViewController.storyboard */ = {isa = PBXFileReference; lastKnownFileType = file.storyboard; path = SideMenuViewController.storyboard; sourceTree = "<group>"; };
		1E58E569286E994B006ECBFF /* SideMenuModel.swift */ = {isa = PBXFileReference; lastKnownFileType = sourcecode.swift; path = SideMenuModel.swift; sourceTree = "<group>"; };
		1E58E56D286E997B006ECBFF /* SideMenuCell.swift */ = {isa = PBXFileReference; lastKnownFileType = sourcecode.swift; path = SideMenuCell.swift; sourceTree = "<group>"; };
		1E58E56E286E997B006ECBFF /* SideMenuCell.xib */ = {isa = PBXFileReference; lastKnownFileType = file.xib; path = SideMenuCell.xib; sourceTree = "<group>"; };
		1E6C3C07285828DA00F0838A /* Constants.swift */ = {isa = PBXFileReference; lastKnownFileType = sourcecode.swift; path = Constants.swift; sourceTree = "<group>"; };
		1E6C3C0928582A9C00F0838A /* TargetType.swift */ = {isa = PBXFileReference; lastKnownFileType = sourcecode.swift; path = TargetType.swift; sourceTree = "<group>"; };
		1E6C3C0B28582B1D00F0838A /* RepositoriesNetworking.swift */ = {isa = PBXFileReference; lastKnownFileType = sourcecode.swift; path = RepositoriesNetworking.swift; sourceTree = "<group>"; };
		1E6C3C0D28582E6000F0838A /* BaseAPI.swift */ = {isa = PBXFileReference; lastKnownFileType = sourcecode.swift; path = BaseAPI.swift; sourceTree = "<group>"; };
		1E6C3C102858453E00F0838A /* User.swift */ = {isa = PBXFileReference; lastKnownFileType = sourcecode.swift; path = User.swift; sourceTree = "<group>"; };
		1E6C3C122858467200F0838A /* LoginAPI.swift */ = {isa = PBXFileReference; lastKnownFileType = sourcecode.swift; path = LoginAPI.swift; sourceTree = "<group>"; };
		1E6C3C142858491900F0838A /* LoginViewModel.swift */ = {isa = PBXFileReference; lastKnownFileType = sourcecode.swift; path = LoginViewModel.swift; sourceTree = "<group>"; };
		1E85B631286B4EA600767686 /* UserInfoViewController.swift */ = {isa = PBXFileReference; lastKnownFileType = sourcecode.swift; path = UserInfoViewController.swift; sourceTree = "<group>"; };
		1E85B635286B4EAD00767686 /* UserInfoViewController.storyboard */ = {isa = PBXFileReference; lastKnownFileType = file.storyboard; path = UserInfoViewController.storyboard; sourceTree = "<group>"; };
		1E85B639286B5EB100767686 /* TabBarView.swift */ = {isa = PBXFileReference; lastKnownFileType = sourcecode.swift; path = TabBarView.swift; sourceTree = "<group>"; };
		1E85B63D286B5EC400767686 /* TabBarView.xib */ = {isa = PBXFileReference; lastKnownFileType = file.xib; path = TabBarView.xib; sourceTree = "<group>"; };
		1E85B645286B63D800767686 /* UIViewExtension.swift */ = {isa = PBXFileReference; lastKnownFileType = sourcecode.swift; path = UIViewExtension.swift; sourceTree = "<group>"; };
		1E85B64A286BF4AD00767686 /* HistoryViewController.swift */ = {isa = PBXFileReference; lastKnownFileType = sourcecode.swift; path = HistoryViewController.swift; sourceTree = "<group>"; };
		1E85B64E286BF4B700767686 /* HistoryViewController.storyboard */ = {isa = PBXFileReference; lastKnownFileType = file.storyboard; path = HistoryViewController.storyboard; sourceTree = "<group>"; };
		1E85B653286BF5C800767686 /* ExamUploadViewController.swift */ = {isa = PBXFileReference; lastKnownFileType = sourcecode.swift; path = ExamUploadViewController.swift; sourceTree = "<group>"; };
		1E85B657286BF5D000767686 /* ExamUploadViewController.storyboard */ = {isa = PBXFileReference; lastKnownFileType = file.storyboard; path = ExamUploadViewController.storyboard; sourceTree = "<group>"; };
		1E892C042891C7A1005A61FA /* StringExtension.swift */ = {isa = PBXFileReference; lastKnownFileType = sourcecode.swift; path = StringExtension.swift; sourceTree = "<group>"; };
		1E8D494A287FCD2100396DF6 /* SlidesCollectionViewCell.swift */ = {isa = PBXFileReference; lastKnownFileType = sourcecode.swift; path = SlidesCollectionViewCell.swift; sourceTree = "<group>"; };
		1E8D494B287FCD2100396DF6 /* SlidesCollectionViewCell.xib */ = {isa = PBXFileReference; lastKnownFileType = file.xib; path = SlidesCollectionViewCell.xib; sourceTree = "<group>"; };
		1E8D4953287FF4C100396DF6 /* SubjectsCollectionViewCell.swift */ = {isa = PBXFileReference; lastKnownFileType = sourcecode.swift; path = SubjectsCollectionViewCell.swift; sourceTree = "<group>"; };
		1E8D4954287FF4C100396DF6 /* SubjectsCollectionViewCell.xib */ = {isa = PBXFileReference; lastKnownFileType = file.xib; path = SubjectsCollectionViewCell.xib; sourceTree = "<group>"; };
		1E8D4967288161BB00396DF6 /* SubjectCollectionReusableView.swift */ = {isa = PBXFileReference; fileEncoding = 4; lastKnownFileType = sourcecode.swift; path = SubjectCollectionReusableView.swift; sourceTree = "<group>"; };
		1E8D4968288161BB00396DF6 /* SubjectCollectionReusableView.xib */ = {isa = PBXFileReference; fileEncoding = 4; lastKnownFileType = file.xib; path = SubjectCollectionReusableView.xib; sourceTree = "<group>"; };
		1E8D496F2881679400396DF6 /* HomeViewModel.swift */ = {isa = PBXFileReference; lastKnownFileType = sourcecode.swift; path = HomeViewModel.swift; sourceTree = "<group>"; };
		1E8D497328816CF800396DF6 /* Departments.swift */ = {isa = PBXFileReference; lastKnownFileType = sourcecode.swift; path = Departments.swift; sourceTree = "<group>"; };
		1E8D4977288171D000396DF6 /* DepartmentAPI.swift */ = {isa = PBXFileReference; lastKnownFileType = sourcecode.swift; path = DepartmentAPI.swift; sourceTree = "<group>"; };
		1E8D497C288537D600396DF6 /* ListExamsViewController.swift */ = {isa = PBXFileReference; lastKnownFileType = sourcecode.swift; path = ListExamsViewController.swift; sourceTree = "<group>"; };
		1E8D4980288537E200396DF6 /* ListExamsViewController.storyboard */ = {isa = PBXFileReference; lastKnownFileType = file.storyboard; path = ListExamsViewController.storyboard; sourceTree = "<group>"; };
		1E8D498528853F2400396DF6 /* ExamTableViewCell.swift */ = {isa = PBXFileReference; lastKnownFileType = sourcecode.swift; path = ExamTableViewCell.swift; sourceTree = "<group>"; };
		1E8D498628853F2400396DF6 /* ExamTableViewCell.xib */ = {isa = PBXFileReference; lastKnownFileType = file.xib; path = ExamTableViewCell.xib; sourceTree = "<group>"; };
		1E97A7D9288E7C8D006D0FD6 /* ImagePopupViewController.swift */ = {isa = PBXFileReference; lastKnownFileType = sourcecode.swift; path = ImagePopupViewController.swift; sourceTree = "<group>"; };
		1E97A7DA288E7C8D006D0FD6 /* ImagePopupViewController.xib */ = {isa = PBXFileReference; lastKnownFileType = file.xib; path = ImagePopupViewController.xib; sourceTree = "<group>"; };
		1E980390286A9BB8000C032B /* ProjectManager.swift */ = {isa = PBXFileReference; lastKnownFileType = sourcecode.swift; path = ProjectManager.swift; sourceTree = "<group>"; };
		1E9803C2286AD654000C032B /* R.generated.swift */ = {isa = PBXFileReference; fileEncoding = 4; lastKnownFileType = sourcecode.swift; path = R.generated.swift; sourceTree = SOURCE_ROOT; };
		1E9803C7286B29E9000C032B /* HomeViewController.swift */ = {isa = PBXFileReference; lastKnownFileType = sourcecode.swift; path = HomeViewController.swift; sourceTree = "<group>"; };
		1E9803CB286B29F1000C032B /* HomeViewController.storyboard */ = {isa = PBXFileReference; lastKnownFileType = file.storyboard; path = HomeViewController.storyboard; sourceTree = "<group>"; };
		1EA71A312854FD7F004422A9 /* QuizApp.app */ = {isa = PBXFileReference; explicitFileType = wrapper.application; includeInIndex = 0; path = QuizApp.app; sourceTree = BUILT_PRODUCTS_DIR; };
		1EA71A342854FD7F004422A9 /* AppDelegate.swift */ = {isa = PBXFileReference; lastKnownFileType = sourcecode.swift; path = AppDelegate.swift; sourceTree = "<group>"; };
		1EA71A362854FD7F004422A9 /* SceneDelegate.swift */ = {isa = PBXFileReference; lastKnownFileType = sourcecode.swift; path = SceneDelegate.swift; sourceTree = "<group>"; };
		1EA71A382854FD7F004422A9 /* ViewController.swift */ = {isa = PBXFileReference; lastKnownFileType = sourcecode.swift; path = ViewController.swift; sourceTree = "<group>"; };
		1EA71A3B2854FD7F004422A9 /* Base */ = {isa = PBXFileReference; lastKnownFileType = file.storyboard; name = Base; path = Base.lproj/Main.storyboard; sourceTree = "<group>"; };
		1EA71A3D2854FD86004422A9 /* Assets.xcassets */ = {isa = PBXFileReference; lastKnownFileType = folder.assetcatalog; path = Assets.xcassets; sourceTree = "<group>"; };
		1EA71A402854FD86004422A9 /* Base */ = {isa = PBXFileReference; lastKnownFileType = file.storyboard; name = Base; path = Base.lproj/LaunchScreen.storyboard; sourceTree = "<group>"; };
		1EA71A422854FD86004422A9 /* Info.plist */ = {isa = PBXFileReference; lastKnownFileType = text.plist.xml; path = Info.plist; sourceTree = "<group>"; };
		1EA71A472854FD86004422A9 /* QuizAppTests.xctest */ = {isa = PBXFileReference; explicitFileType = wrapper.cfbundle; includeInIndex = 0; path = QuizAppTests.xctest; sourceTree = BUILT_PRODUCTS_DIR; };
		1EA71A4B2854FD87004422A9 /* QuizAppTests.swift */ = {isa = PBXFileReference; lastKnownFileType = sourcecode.swift; path = QuizAppTests.swift; sourceTree = "<group>"; };
		1EA71A512854FD87004422A9 /* QuizAppUITests.xctest */ = {isa = PBXFileReference; explicitFileType = wrapper.cfbundle; includeInIndex = 0; path = QuizAppUITests.xctest; sourceTree = BUILT_PRODUCTS_DIR; };
		1EA71A552854FD87004422A9 /* QuizAppUITests.swift */ = {isa = PBXFileReference; lastKnownFileType = sourcecode.swift; path = QuizAppUITests.swift; sourceTree = "<group>"; };
		1EA71A572854FD87004422A9 /* QuizAppUITestsLaunchTests.swift */ = {isa = PBXFileReference; lastKnownFileType = sourcecode.swift; path = QuizAppUITestsLaunchTests.swift; sourceTree = "<group>"; };
		1EA71A6528551ABC004422A9 /* LoginViewController.swift */ = {isa = PBXFileReference; lastKnownFileType = sourcecode.swift; path = LoginViewController.swift; sourceTree = "<group>"; };
		1EA71A6728551ACC004422A9 /* LoginViewController.storyboard */ = {isa = PBXFileReference; lastKnownFileType = file.storyboard; path = LoginViewController.storyboard; sourceTree = "<group>"; };
		1EA71A6A28551F89004422A9 /* GradientView.swift */ = {isa = PBXFileReference; lastKnownFileType = sourcecode.swift; path = GradientView.swift; sourceTree = "<group>"; };
		1EA71A6C2857A8DF004422A9 /* DesignableUITextField.swift */ = {isa = PBXFileReference; lastKnownFileType = sourcecode.swift; path = DesignableUITextField.swift; sourceTree = "<group>"; };
		1EAA971F288A558A00401E88 /* ListExamsViewModel.swift */ = {isa = PBXFileReference; lastKnownFileType = sourcecode.swift; path = ListExamsViewModel.swift; sourceTree = "<group>"; };
		1EAA9721288A56A600401E88 /* Exams.swift */ = {isa = PBXFileReference; lastKnownFileType = sourcecode.swift; path = Exams.swift; sourceTree = "<group>"; };
		1EAA9723288A578500401E88 /* Page.swift */ = {isa = PBXFileReference; lastKnownFileType = sourcecode.swift; path = Page.swift; sourceTree = "<group>"; };
		1EAA9727288A5B2500401E88 /* ListExamsAPI.swift */ = {isa = PBXFileReference; lastKnownFileType = sourcecode.swift; path = ListExamsAPI.swift; sourceTree = "<group>"; };
		2F7019B0658F9B608B131B4F /* Pods_QuizApp_QuizAppUITests.framework */ = {isa = PBXFileReference; explicitFileType = wrapper.framework; includeInIndex = 0; path = Pods_QuizApp_QuizAppUITests.framework; sourceTree = BUILT_PRODUCTS_DIR; };
		692643C59BADFB0486A131B8 /* Pods-QuizApp.debug.xcconfig */ = {isa = PBXFileReference; includeInIndex = 1; lastKnownFileType = text.xcconfig; name = "Pods-QuizApp.debug.xcconfig"; path = "Target Support Files/Pods-QuizApp/Pods-QuizApp.debug.xcconfig"; sourceTree = "<group>"; };
		97F3ECE62F6F18BDE046D6FB /* Pods_QuizApp.framework */ = {isa = PBXFileReference; explicitFileType = wrapper.framework; includeInIndex = 0; path = Pods_QuizApp.framework; sourceTree = BUILT_PRODUCTS_DIR; };
		9942447DF12F930E54872AB1 /* Pods-QuizApp-QuizAppUITests.release.xcconfig */ = {isa = PBXFileReference; includeInIndex = 1; lastKnownFileType = text.xcconfig; name = "Pods-QuizApp-QuizAppUITests.release.xcconfig"; path = "Target Support Files/Pods-QuizApp-QuizAppUITests/Pods-QuizApp-QuizAppUITests.release.xcconfig"; sourceTree = "<group>"; };
		AF44ED1E2A1AF0AC227D8BF0 /* Pods-QuizAppTests.debug.xcconfig */ = {isa = PBXFileReference; includeInIndex = 1; lastKnownFileType = text.xcconfig; name = "Pods-QuizAppTests.debug.xcconfig"; path = "Target Support Files/Pods-QuizAppTests/Pods-QuizAppTests.debug.xcconfig"; sourceTree = "<group>"; };
		C47D005ACAB080C2400B91FC /* Pods-QuizAppTests.release.xcconfig */ = {isa = PBXFileReference; includeInIndex = 1; lastKnownFileType = text.xcconfig; name = "Pods-QuizAppTests.release.xcconfig"; path = "Target Support Files/Pods-QuizAppTests/Pods-QuizAppTests.release.xcconfig"; sourceTree = "<group>"; };
		D07B012DCB94084E839C2B4D /* Pods-QuizApp.release.xcconfig */ = {isa = PBXFileReference; includeInIndex = 1; lastKnownFileType = text.xcconfig; name = "Pods-QuizApp.release.xcconfig"; path = "Target Support Files/Pods-QuizApp/Pods-QuizApp.release.xcconfig"; sourceTree = "<group>"; };
/* End PBXFileReference section */

/* Begin PBXFrameworksBuildPhase section */
		1EA71A2E2854FD7F004422A9 /* Frameworks */ = {
			isa = PBXFrameworksBuildPhase;
			buildActionMask = 2147483647;
			files = (
				B4A8CF4DD0CE6D4DF93C1D36 /* Pods_QuizApp.framework in Frameworks */,
			);
			runOnlyForDeploymentPostprocessing = 0;
		};
		1EA71A442854FD86004422A9 /* Frameworks */ = {
			isa = PBXFrameworksBuildPhase;
			buildActionMask = 2147483647;
			files = (
				D06443D6F0C3B82FC0F2C45B /* Pods_QuizAppTests.framework in Frameworks */,
			);
			runOnlyForDeploymentPostprocessing = 0;
		};
		1EA71A4E2854FD87004422A9 /* Frameworks */ = {
			isa = PBXFrameworksBuildPhase;
			buildActionMask = 2147483647;
			files = (
				8FA04623E04179B6855E4CE4 /* Pods_QuizApp_QuizAppUITests.framework in Frameworks */,
			);
			runOnlyForDeploymentPostprocessing = 0;
		};
/* End PBXFrameworksBuildPhase section */

/* Begin PBXGroup section */
		1E3D31A32886A5FE0054F6F1 /* ListSubjects */ = {
			isa = PBXGroup;
			children = (
				1E3D31A42886A62E0054F6F1 /* ListSubjectsViewController.swift */,
				1E3D31A82886A6360054F6F1 /* ListSubjectsViewController.storyboard */,
				1E3D31AC2886B8930054F6F1 /* ListSubjectsViewModel.swift */,
			);
			path = ListSubjects;
			sourceTree = "<group>";
		};
		1E3D31B9288808ED0054F6F1 /* FilterViewController */ = {
			isa = PBXGroup;
			children = (
				1E3D31C228883A970054F6F1 /* DepartmentTableCell */,
				1E3D31BA2888093C0054F6F1 /* FilterViewController.swift */,
				1E3D31BB2888093C0054F6F1 /* FilterViewController.xib */,
			);
			path = FilterViewController;
			sourceTree = "<group>";
		};
		1E3D31C228883A970054F6F1 /* DepartmentTableCell */ = {
			isa = PBXGroup;
			children = (
				1E3D31C328883B380054F6F1 /* DepartmentTableViewCell.swift */,
				1E3D31C428883B380054F6F1 /* DepartmentTableViewCell.xib */,
			);
			path = DepartmentTableCell;
			sourceTree = "<group>";
		};
		1E4F4F54288E437400A72642 /* QuizViewController */ = {
			isa = PBXGroup;
			children = (
				1E97A7D8288E7C47006D0FD6 /* ImagePopup */,
				1E4F4F5D288E58FD00A72642 /* QuizCell */,
				1E4F4F55288E439500A72642 /* QuizViewController.swift */,
				1E4F4F59288E43A100A72642 /* QuizViewController.storyboard */,
			);
			path = QuizViewController;
			sourceTree = "<group>";
		};
		1E4F4F5D288E58FD00A72642 /* QuizCell */ = {
			isa = PBXGroup;
			children = (
				1E4F4F5E288E592200A72642 /* QuizCollectionViewCell.swift */,
				1E4F4F5F288E592200A72642 /* QuizCollectionViewCell.xib */,
			);
			path = QuizCell;
			sourceTree = "<group>";
		};
		1E58E556286E978A006ECBFF /* NavigationBaseController */ = {
			isa = PBXGroup;
			children = (
				1E58E557286E97D2006ECBFF /* BaseViewController.swift */,
				1E58E55B286E97E2006ECBFF /* BaseViewController.storyboard */,
			);
			path = NavigationBaseController;
			sourceTree = "<group>";
		};
		1E58E55F286E98A4006ECBFF /* SideMenu */ = {
			isa = PBXGroup;
			children = (
				1E58E560286E98B4006ECBFF /* Cell */,
				1E58E561286E98CF006ECBFF /* SideMenuViewController.swift */,
				1E58E565286E98D8006ECBFF /* SideMenuViewController.storyboard */,
				1E58E569286E994B006ECBFF /* SideMenuModel.swift */,
			);
			path = SideMenu;
			sourceTree = "<group>";
		};
		1E58E560286E98B4006ECBFF /* Cell */ = {
			isa = PBXGroup;
			children = (
				1E58E56D286E997B006ECBFF /* SideMenuCell.swift */,
				1E58E56E286E997B006ECBFF /* SideMenuCell.xib */,
			);
			path = Cell;
			sourceTree = "<group>";
		};
		1E6C3C04285827D500F0838A /* Network */ = {
			isa = PBXGroup;
			children = (
				1E6C3C062858281500F0838A /* Repositories */,
				1E6C3C052858280200F0838A /* Base */,
			);
			path = Network;
			sourceTree = "<group>";
		};
		1E6C3C052858280200F0838A /* Base */ = {
			isa = PBXGroup;
			children = (
				1E6C3C07285828DA00F0838A /* Constants.swift */,
				1E6C3C0928582A9C00F0838A /* TargetType.swift */,
				1E6C3C0D28582E6000F0838A /* BaseAPI.swift */,
			);
			path = Base;
			sourceTree = "<group>";
		};
		1E6C3C062858281500F0838A /* Repositories */ = {
			isa = PBXGroup;
			children = (
				1E6C3C0B28582B1D00F0838A /* RepositoriesNetworking.swift */,
				1E6C3C122858467200F0838A /* LoginAPI.swift */,
				1E8D4977288171D000396DF6 /* DepartmentAPI.swift */,
				1EAA9727288A5B2500401E88 /* ListExamsAPI.swift */,
			);
			path = Repositories;
			sourceTree = "<group>";
		};
		1E6C3C0F2858452C00F0838A /* Models */ = {
			isa = PBXGroup;
			children = (
				1E6C3C102858453E00F0838A /* User.swift */,
				1E8D497328816CF800396DF6 /* Departments.swift */,
				1EAA9721288A56A600401E88 /* Exams.swift */,
				1EAA9723288A578500401E88 /* Page.swift */,
			);
			path = Models;
			sourceTree = "<group>";
		};
		1E85B630286B4E8600767686 /* UserInfo */ = {
			isa = PBXGroup;
			children = (
				1E85B631286B4EA600767686 /* UserInfoViewController.swift */,
				1E85B635286B4EAD00767686 /* UserInfoViewController.storyboard */,
			);
			path = UserInfo;
			sourceTree = "<group>";
		};
		1E85B641286B5F5C00767686 /* TabBar */ = {
			isa = PBXGroup;
			children = (
				1E85B639286B5EB100767686 /* TabBarView.swift */,
				1E85B63D286B5EC400767686 /* TabBarView.xib */,
			);
			path = TabBar;
			sourceTree = "<group>";
		};
		1E85B643286B63B500767686 /* Extensions */ = {
			isa = PBXGroup;
			children = (
				1E85B645286B63D800767686 /* UIViewExtension.swift */,
				1E3D31B028870FC40054F6F1 /* UIViewControllerExtension.swift */,
				1E892C042891C7A1005A61FA /* StringExtension.swift */,
			);
			path = Extensions;
			sourceTree = "<group>";
		};
		1E85B649286BF48700767686 /* History */ = {
			isa = PBXGroup;
			children = (
				1E85B64A286BF4AD00767686 /* HistoryViewController.swift */,
				1E85B64E286BF4B700767686 /* HistoryViewController.storyboard */,
			);
			path = History;
			sourceTree = "<group>";
		};
		1E85B652286BF5AC00767686 /* ExamUpload */ = {
			isa = PBXGroup;
			children = (
				1E85B653286BF5C800767686 /* ExamUploadViewController.swift */,
				1E85B657286BF5D000767686 /* ExamUploadViewController.storyboard */,
			);
			path = ExamUpload;
			sourceTree = "<group>";
		};
		1E8D4949287EC8E700396DF6 /* Slides */ = {
			isa = PBXGroup;
			children = (
				1E8D494A287FCD2100396DF6 /* SlidesCollectionViewCell.swift */,
				1E8D494B287FCD2100396DF6 /* SlidesCollectionViewCell.xib */,
			);
			path = Slides;
			sourceTree = "<group>";
		};
		1E8D4952287FF4A300396DF6 /* Subjects */ = {
			isa = PBXGroup;
			children = (
				1E8D4966288161BB00396DF6 /* SubjectsHeader */,
				1E8D4953287FF4C100396DF6 /* SubjectsCollectionViewCell.swift */,
				1E8D4954287FF4C100396DF6 /* SubjectsCollectionViewCell.xib */,
			);
			path = Subjects;
			sourceTree = "<group>";
		};
		1E8D4966288161BB00396DF6 /* SubjectsHeader */ = {
			isa = PBXGroup;
			children = (
				1E8D4967288161BB00396DF6 /* SubjectCollectionReusableView.swift */,
				1E8D4968288161BB00396DF6 /* SubjectCollectionReusableView.xib */,
			);
			path = SubjectsHeader;
			sourceTree = "<group>";
		};
		1E8D497B288537A200396DF6 /* ListQuizExam */ = {
			isa = PBXGroup;
			children = (
				1E8D49842885391100396DF6 /* ExamTableCell */,
				1E8D497C288537D600396DF6 /* ListExamsViewController.swift */,
				1E8D4980288537E200396DF6 /* ListExamsViewController.storyboard */,
				1EAA971F288A558A00401E88 /* ListExamsViewModel.swift */,
			);
			path = ListQuizExam;
			sourceTree = "<group>";
		};
		1E8D49842885391100396DF6 /* ExamTableCell */ = {
			isa = PBXGroup;
			children = (
				1E8D498528853F2400396DF6 /* ExamTableViewCell.swift */,
				1E8D498628853F2400396DF6 /* ExamTableViewCell.xib */,
			);
			path = ExamTableCell;
			sourceTree = "<group>";
		};
		1E97A7D8288E7C47006D0FD6 /* ImagePopup */ = {
			isa = PBXGroup;
			children = (
				1E97A7D9288E7C8D006D0FD6 /* ImagePopupViewController.swift */,
				1E97A7DA288E7C8D006D0FD6 /* ImagePopupViewController.xib */,
			);
			path = ImagePopup;
			sourceTree = "<group>";
		};
		1E98039E286AA76B000C032B /* Resources */ = {
			isa = PBXGroup;
			children = (
				1E9803C2286AD654000C032B /* R.generated.swift */,
			);
			path = Resources;
			sourceTree = "<group>";
		};
		1E9803C6286B29B8000C032B /* Home */ = {
			isa = PBXGroup;
			children = (
				1E8D4952287FF4A300396DF6 /* Subjects */,
				1E8D4949287EC8E700396DF6 /* Slides */,
				1E9803C7286B29E9000C032B /* HomeViewController.swift */,
				1E9803CB286B29F1000C032B /* HomeViewController.storyboard */,
				1E8D496F2881679400396DF6 /* HomeViewModel.swift */,
			);
			path = Home;
			sourceTree = "<group>";
		};
		1EA71A282854FD7E004422A9 = {
			isa = PBXGroup;
			children = (
				1EA71A332854FD7F004422A9 /* QuizApp */,
				1EA71A4A2854FD87004422A9 /* QuizAppTests */,
				1EA71A542854FD87004422A9 /* QuizAppUITests */,
				1EA71A322854FD7F004422A9 /* Products */,
				ABC0009CCC1929E10CB9A42B /* Pods */,
				5C79804B3DA72EB5BE80DD56 /* Frameworks */,
			);
			sourceTree = "<group>";
		};
		1EA71A322854FD7F004422A9 /* Products */ = {
			isa = PBXGroup;
			children = (
				1EA71A312854FD7F004422A9 /* QuizApp.app */,
				1EA71A472854FD86004422A9 /* QuizAppTests.xctest */,
				1EA71A512854FD87004422A9 /* QuizAppUITests.xctest */,
			);
			name = Products;
			sourceTree = "<group>";
		};
		1EA71A332854FD7F004422A9 /* QuizApp */ = {
			isa = PBXGroup;
			children = (
				1E4F4F54288E437400A72642 /* QuizViewController */,
				1E3D31B9288808ED0054F6F1 /* FilterViewController */,
				1E3D31A32886A5FE0054F6F1 /* ListSubjects */,
				1E8D497B288537A200396DF6 /* ListQuizExam */,
				1E85B630286B4E8600767686 /* UserInfo */,
				1E85B649286BF48700767686 /* History */,
				1E85B652286BF5AC00767686 /* ExamUpload */,
				1E9803C6286B29B8000C032B /* Home */,
				1EA71A6428551A37004422A9 /* Login */,
				1E85B643286B63B500767686 /* Extensions */,
				1E98039E286AA76B000C032B /* Resources */,
				1E6C3C0F2858452C00F0838A /* Models */,
				1E6C3C04285827D500F0838A /* Network */,
				1EA71A6928551F6E004422A9 /* Common */,
				1EA71A342854FD7F004422A9 /* AppDelegate.swift */,
				1EA71A362854FD7F004422A9 /* SceneDelegate.swift */,
				1EA71A382854FD7F004422A9 /* ViewController.swift */,
				1EA71A3A2854FD7F004422A9 /* Main.storyboard */,
				1EA71A3D2854FD86004422A9 /* Assets.xcassets */,
				1EA71A3F2854FD86004422A9 /* LaunchScreen.storyboard */,
				1EA71A422854FD86004422A9 /* Info.plist */,
			);
			path = QuizApp;
			sourceTree = "<group>";
		};
		1EA71A4A2854FD87004422A9 /* QuizAppTests */ = {
			isa = PBXGroup;
			children = (
				1EA71A4B2854FD87004422A9 /* QuizAppTests.swift */,
			);
			path = QuizAppTests;
			sourceTree = "<group>";
		};
		1EA71A542854FD87004422A9 /* QuizAppUITests */ = {
			isa = PBXGroup;
			children = (
				1EA71A552854FD87004422A9 /* QuizAppUITests.swift */,
				1EA71A572854FD87004422A9 /* QuizAppUITestsLaunchTests.swift */,
			);
			path = QuizAppUITests;
			sourceTree = "<group>";
		};
		1EA71A6428551A37004422A9 /* Login */ = {
			isa = PBXGroup;
			children = (
				1EA71A6528551ABC004422A9 /* LoginViewController.swift */,
				1EA71A6728551ACC004422A9 /* LoginViewController.storyboard */,
				1E6C3C142858491900F0838A /* LoginViewModel.swift */,
			);
			path = Login;
			sourceTree = "<group>";
		};
		1EA71A6928551F6E004422A9 /* Common */ = {
			isa = PBXGroup;
			children = (
				1E58E55F286E98A4006ECBFF /* SideMenu */,
				1E58E556286E978A006ECBFF /* NavigationBaseController */,
				1E85B641286B5F5C00767686 /* TabBar */,
				1EA71A6A28551F89004422A9 /* GradientView.swift */,
				1EA71A6C2857A8DF004422A9 /* DesignableUITextField.swift */,
				1E980390286A9BB8000C032B /* ProjectManager.swift */,
				1E3D31B428872F030054F6F1 /* ShadowView.swift */,
			);
			path = Common;
			sourceTree = "<group>";
		};
		5C79804B3DA72EB5BE80DD56 /* Frameworks */ = {
			isa = PBXGroup;
			children = (
				97F3ECE62F6F18BDE046D6FB /* Pods_QuizApp.framework */,
				2F7019B0658F9B608B131B4F /* Pods_QuizApp_QuizAppUITests.framework */,
				1532F080411E084A30FA7302 /* Pods_QuizAppTests.framework */,
			);
			name = Frameworks;
			sourceTree = "<group>";
		};
		ABC0009CCC1929E10CB9A42B /* Pods */ = {
			isa = PBXGroup;
			children = (
				692643C59BADFB0486A131B8 /* Pods-QuizApp.debug.xcconfig */,
				D07B012DCB94084E839C2B4D /* Pods-QuizApp.release.xcconfig */,
				09DAC079AA7784A83F511BF9 /* Pods-QuizApp-QuizAppUITests.debug.xcconfig */,
				9942447DF12F930E54872AB1 /* Pods-QuizApp-QuizAppUITests.release.xcconfig */,
				AF44ED1E2A1AF0AC227D8BF0 /* Pods-QuizAppTests.debug.xcconfig */,
				C47D005ACAB080C2400B91FC /* Pods-QuizAppTests.release.xcconfig */,
			);
			path = Pods;
			sourceTree = "<group>";
		};
/* End PBXGroup section */

/* Begin PBXNativeTarget section */
		1EA71A302854FD7F004422A9 /* QuizApp */ = {
			isa = PBXNativeTarget;
			buildConfigurationList = 1EA71A5B2854FD87004422A9 /* Build configuration list for PBXNativeTarget "QuizApp" */;
			buildPhases = (
				2F6CD4629A710161207365EE /* [CP] Check Pods Manifest.lock */,
				1E98039D286AA255000C032B /* R.Swift */,
				1EA71A2D2854FD7F004422A9 /* Sources */,
				1EA71A2E2854FD7F004422A9 /* Frameworks */,
				1EA71A2F2854FD7F004422A9 /* Resources */,
				E203AEBEF878A511E684E212 /* [CP] Embed Pods Frameworks */,
			);
			buildRules = (
			);
			dependencies = (
			);
			name = QuizApp;
			productName = QuizApp;
			productReference = 1EA71A312854FD7F004422A9 /* QuizApp.app */;
			productType = "com.apple.product-type.application";
		};
		1EA71A462854FD86004422A9 /* QuizAppTests */ = {
			isa = PBXNativeTarget;
			buildConfigurationList = 1EA71A5E2854FD87004422A9 /* Build configuration list for PBXNativeTarget "QuizAppTests" */;
			buildPhases = (
				AE88262178811B4AD9B158CE /* [CP] Check Pods Manifest.lock */,
				1EA71A432854FD86004422A9 /* Sources */,
				1EA71A442854FD86004422A9 /* Frameworks */,
				1EA71A452854FD86004422A9 /* Resources */,
			);
			buildRules = (
			);
			dependencies = (
				1EA71A492854FD87004422A9 /* PBXTargetDependency */,
			);
			name = QuizAppTests;
			productName = QuizAppTests;
			productReference = 1EA71A472854FD86004422A9 /* QuizAppTests.xctest */;
			productType = "com.apple.product-type.bundle.unit-test";
		};
		1EA71A502854FD87004422A9 /* QuizAppUITests */ = {
			isa = PBXNativeTarget;
			buildConfigurationList = 1EA71A612854FD87004422A9 /* Build configuration list for PBXNativeTarget "QuizAppUITests" */;
			buildPhases = (
				C746759285A3916653C77510 /* [CP] Check Pods Manifest.lock */,
				1EA71A4D2854FD87004422A9 /* Sources */,
				1EA71A4E2854FD87004422A9 /* Frameworks */,
				1EA71A4F2854FD87004422A9 /* Resources */,
				0934CC31406B47DD616745AF /* [CP] Embed Pods Frameworks */,
			);
			buildRules = (
			);
			dependencies = (
				1EA71A532854FD87004422A9 /* PBXTargetDependency */,
			);
			name = QuizAppUITests;
			productName = QuizAppUITests;
			productReference = 1EA71A512854FD87004422A9 /* QuizAppUITests.xctest */;
			productType = "com.apple.product-type.bundle.ui-testing";
		};
/* End PBXNativeTarget section */

/* Begin PBXProject section */
		1EA71A292854FD7E004422A9 /* Project object */ = {
			isa = PBXProject;
			attributes = {
				BuildIndependentTargetsInParallel = 1;
				LastSwiftUpdateCheck = 1330;
				LastUpgradeCheck = 1330;
				TargetAttributes = {
					1EA71A302854FD7F004422A9 = {
						CreatedOnToolsVersion = 13.3.1;
					};
					1EA71A462854FD86004422A9 = {
						CreatedOnToolsVersion = 13.3.1;
						TestTargetID = 1EA71A302854FD7F004422A9;
					};
					1EA71A502854FD87004422A9 = {
						CreatedOnToolsVersion = 13.3.1;
						TestTargetID = 1EA71A302854FD7F004422A9;
					};
				};
			};
			buildConfigurationList = 1EA71A2C2854FD7E004422A9 /* Build configuration list for PBXProject "QuizApp" */;
			compatibilityVersion = "Xcode 13.0";
			developmentRegion = en;
			hasScannedForEncodings = 0;
			knownRegions = (
				en,
				Base,
			);
			mainGroup = 1EA71A282854FD7E004422A9;
			productRefGroup = 1EA71A322854FD7F004422A9 /* Products */;
			projectDirPath = "";
			projectRoot = "";
			targets = (
				1EA71A302854FD7F004422A9 /* QuizApp */,
				1EA71A462854FD86004422A9 /* QuizAppTests */,
				1EA71A502854FD87004422A9 /* QuizAppUITests */,
			);
		};
/* End PBXProject section */

/* Begin PBXResourcesBuildPhase section */
		1EA71A2F2854FD7F004422A9 /* Resources */ = {
			isa = PBXResourcesBuildPhase;
			buildActionMask = 2147483647;
			files = (
				1E8D498A28853F2400396DF6 /* ExamTableViewCell.xib in Resources */,
				1E85B64F286BF4B700767686 /* HistoryViewController.storyboard in Resources */,
				1E3D31A92886A6360054F6F1 /* ListSubjectsViewController.storyboard in Resources */,
				1EA71A412854FD86004422A9 /* LaunchScreen.storyboard in Resources */,
				1EA71A6828551ACC004422A9 /* LoginViewController.storyboard in Resources */,
				1E85B63E286B5EC400767686 /* TabBarView.xib in Resources */,
				1E97A7DE288E7C8D006D0FD6 /* ImagePopupViewController.xib in Resources */,
				1E8D4981288537E200396DF6 /* ListExamsViewController.storyboard in Resources */,
				1E9803CC286B29F1000C032B /* HomeViewController.storyboard in Resources */,
				1E3D31BF2888093C0054F6F1 /* FilterViewController.xib in Resources */,
				1E85B658286BF5D000767686 /* ExamUploadViewController.storyboard in Resources */,
				1E85B636286B4EAD00767686 /* UserInfoViewController.storyboard in Resources */,
				1E4F4F63288E592200A72642 /* QuizCollectionViewCell.xib in Resources */,
				1E4F4F5A288E43A100A72642 /* QuizViewController.storyboard in Resources */,
				1EA71A3E2854FD86004422A9 /* Assets.xcassets in Resources */,
				1E58E566286E98D8006ECBFF /* SideMenuViewController.storyboard in Resources */,
				1E58E55C286E97E2006ECBFF /* BaseViewController.storyboard in Resources */,
				1E8D494F287FCD2100396DF6 /* SlidesCollectionViewCell.xib in Resources */,
				1E3D31C828883B380054F6F1 /* DepartmentTableViewCell.xib in Resources */,
				1EA71A3C2854FD7F004422A9 /* Main.storyboard in Resources */,
				1E58E572286E997B006ECBFF /* SideMenuCell.xib in Resources */,
				1E8D4958287FF4C100396DF6 /* SubjectsCollectionViewCell.xib in Resources */,
				1E8D496C288161BB00396DF6 /* SubjectCollectionReusableView.xib in Resources */,
			);
			runOnlyForDeploymentPostprocessing = 0;
		};
		1EA71A452854FD86004422A9 /* Resources */ = {
			isa = PBXResourcesBuildPhase;
			buildActionMask = 2147483647;
			files = (
				1E58E567286E98D8006ECBFF /* SideMenuViewController.storyboard in Resources */,
				1E8D498B28853F2400396DF6 /* ExamTableViewCell.xib in Resources */,
				1E8D496D288161BB00396DF6 /* SubjectCollectionReusableView.xib in Resources */,
				1E3D31C928883B380054F6F1 /* DepartmentTableViewCell.xib in Resources */,
				1E8D4950287FCD2100396DF6 /* SlidesCollectionViewCell.xib in Resources */,
				1E85B650286BF4B700767686 /* HistoryViewController.storyboard in Resources */,
				1E8D4982288537E200396DF6 /* ListExamsViewController.storyboard in Resources */,
				1E85B63F286B5EC400767686 /* TabBarView.xib in Resources */,
				1E58E573286E997B006ECBFF /* SideMenuCell.xib in Resources */,
				1E3D31AA2886A6360054F6F1 /* ListSubjectsViewController.storyboard in Resources */,
				1E8D4959287FF4C100396DF6 /* SubjectsCollectionViewCell.xib in Resources */,
				1E4F4F64288E592200A72642 /* QuizCollectionViewCell.xib in Resources */,
				1E4F4F5B288E43A100A72642 /* QuizViewController.storyboard in Resources */,
				1E3D31C02888093C0054F6F1 /* FilterViewController.xib in Resources */,
				1E58E55D286E97E2006ECBFF /* BaseViewController.storyboard in Resources */,
				1E85B659286BF5D000767686 /* ExamUploadViewController.storyboard in Resources */,
				1E97A7DF288E7C8D006D0FD6 /* ImagePopupViewController.xib in Resources */,
				1E85B637286B4EAD00767686 /* UserInfoViewController.storyboard in Resources */,
				1E9803CD286B29F1000C032B /* HomeViewController.storyboard in Resources */,
			);
			runOnlyForDeploymentPostprocessing = 0;
		};
		1EA71A4F2854FD87004422A9 /* Resources */ = {
			isa = PBXResourcesBuildPhase;
			buildActionMask = 2147483647;
			files = (
				1E58E568286E98D8006ECBFF /* SideMenuViewController.storyboard in Resources */,
				1E8D498C28853F2400396DF6 /* ExamTableViewCell.xib in Resources */,
				1E8D496E288161BB00396DF6 /* SubjectCollectionReusableView.xib in Resources */,
				1E3D31CA28883B380054F6F1 /* DepartmentTableViewCell.xib in Resources */,
				1E8D4951287FCD2100396DF6 /* SlidesCollectionViewCell.xib in Resources */,
				1E85B651286BF4B700767686 /* HistoryViewController.storyboard in Resources */,
				1E8D4983288537E200396DF6 /* ListExamsViewController.storyboard in Resources */,
				1E85B640286B5EC400767686 /* TabBarView.xib in Resources */,
				1E58E574286E997B006ECBFF /* SideMenuCell.xib in Resources */,
				1E3D31AB2886A6360054F6F1 /* ListSubjectsViewController.storyboard in Resources */,
				1E8D495A287FF4C100396DF6 /* SubjectsCollectionViewCell.xib in Resources */,
				1E4F4F65288E592200A72642 /* QuizCollectionViewCell.xib in Resources */,
				1E4F4F5C288E43A100A72642 /* QuizViewController.storyboard in Resources */,
				1E3D31C12888093C0054F6F1 /* FilterViewController.xib in Resources */,
				1E58E55E286E97E2006ECBFF /* BaseViewController.storyboard in Resources */,
				1E85B65A286BF5D000767686 /* ExamUploadViewController.storyboard in Resources */,
				1E97A7E0288E7C8D006D0FD6 /* ImagePopupViewController.xib in Resources */,
				1E85B638286B4EAD00767686 /* UserInfoViewController.storyboard in Resources */,
				1E9803CE286B29F1000C032B /* HomeViewController.storyboard in Resources */,
			);
			runOnlyForDeploymentPostprocessing = 0;
		};
/* End PBXResourcesBuildPhase section */

/* Begin PBXShellScriptBuildPhase section */
		0934CC31406B47DD616745AF /* [CP] Embed Pods Frameworks */ = {
			isa = PBXShellScriptBuildPhase;
			buildActionMask = 2147483647;
			files = (
			);
			inputFileListPaths = (
				"${PODS_ROOT}/Target Support Files/Pods-QuizApp-QuizAppUITests/Pods-QuizApp-QuizAppUITests-frameworks-${CONFIGURATION}-input-files.xcfilelist",
			);
			name = "[CP] Embed Pods Frameworks";
			outputFileListPaths = (
				"${PODS_ROOT}/Target Support Files/Pods-QuizApp-QuizAppUITests/Pods-QuizApp-QuizAppUITests-frameworks-${CONFIGURATION}-output-files.xcfilelist",
			);
			runOnlyForDeploymentPostprocessing = 0;
			shellPath = /bin/sh;
			shellScript = "\"${PODS_ROOT}/Target Support Files/Pods-QuizApp-QuizAppUITests/Pods-QuizApp-QuizAppUITests-frameworks.sh\"\n";
			showEnvVarsInLog = 0;
		};
		1E98039D286AA255000C032B /* R.Swift */ = {
			isa = PBXShellScriptBuildPhase;
			alwaysOutOfDate = 1;
			buildActionMask = 2147483647;
			files = (
			);
			inputFileListPaths = (
			);
			inputPaths = (
			);
			name = R.Swift;
			outputFileListPaths = (
			);
			outputPaths = (
				$SRCROOT/R.generated.swift,
			);
			runOnlyForDeploymentPostprocessing = 0;
			shellPath = /bin/sh;
			shellScript = "\"$PODS_ROOT/R.swift/rswift\" generate \"$SRCROOT/R.generated.swift\"\n";
		};
		2F6CD4629A710161207365EE /* [CP] Check Pods Manifest.lock */ = {
			isa = PBXShellScriptBuildPhase;
			buildActionMask = 2147483647;
			files = (
			);
			inputFileListPaths = (
			);
			inputPaths = (
				"${PODS_PODFILE_DIR_PATH}/Podfile.lock",
				"${PODS_ROOT}/Manifest.lock",
			);
			name = "[CP] Check Pods Manifest.lock";
			outputFileListPaths = (
			);
			outputPaths = (
				"$(DERIVED_FILE_DIR)/Pods-QuizApp-checkManifestLockResult.txt",
			);
			runOnlyForDeploymentPostprocessing = 0;
			shellPath = /bin/sh;
			shellScript = "diff \"${PODS_PODFILE_DIR_PATH}/Podfile.lock\" \"${PODS_ROOT}/Manifest.lock\" > /dev/null\nif [ $? != 0 ] ; then\n    # print error to STDERR\n    echo \"error: The sandbox is not in sync with the Podfile.lock. Run 'pod install' or update your CocoaPods installation.\" >&2\n    exit 1\nfi\n# This output is used by Xcode 'outputs' to avoid re-running this script phase.\necho \"SUCCESS\" > \"${SCRIPT_OUTPUT_FILE_0}\"\n";
			showEnvVarsInLog = 0;
		};
		AE88262178811B4AD9B158CE /* [CP] Check Pods Manifest.lock */ = {
			isa = PBXShellScriptBuildPhase;
			buildActionMask = 2147483647;
			files = (
			);
			inputFileListPaths = (
			);
			inputPaths = (
				"${PODS_PODFILE_DIR_PATH}/Podfile.lock",
				"${PODS_ROOT}/Manifest.lock",
			);
			name = "[CP] Check Pods Manifest.lock";
			outputFileListPaths = (
			);
			outputPaths = (
				"$(DERIVED_FILE_DIR)/Pods-QuizAppTests-checkManifestLockResult.txt",
			);
			runOnlyForDeploymentPostprocessing = 0;
			shellPath = /bin/sh;
			shellScript = "diff \"${PODS_PODFILE_DIR_PATH}/Podfile.lock\" \"${PODS_ROOT}/Manifest.lock\" > /dev/null\nif [ $? != 0 ] ; then\n    # print error to STDERR\n    echo \"error: The sandbox is not in sync with the Podfile.lock. Run 'pod install' or update your CocoaPods installation.\" >&2\n    exit 1\nfi\n# This output is used by Xcode 'outputs' to avoid re-running this script phase.\necho \"SUCCESS\" > \"${SCRIPT_OUTPUT_FILE_0}\"\n";
			showEnvVarsInLog = 0;
		};
		C746759285A3916653C77510 /* [CP] Check Pods Manifest.lock */ = {
			isa = PBXShellScriptBuildPhase;
			buildActionMask = 2147483647;
			files = (
			);
			inputFileListPaths = (
			);
			inputPaths = (
				"${PODS_PODFILE_DIR_PATH}/Podfile.lock",
				"${PODS_ROOT}/Manifest.lock",
			);
			name = "[CP] Check Pods Manifest.lock";
			outputFileListPaths = (
			);
			outputPaths = (
				"$(DERIVED_FILE_DIR)/Pods-QuizApp-QuizAppUITests-checkManifestLockResult.txt",
			);
			runOnlyForDeploymentPostprocessing = 0;
			shellPath = /bin/sh;
			shellScript = "diff \"${PODS_PODFILE_DIR_PATH}/Podfile.lock\" \"${PODS_ROOT}/Manifest.lock\" > /dev/null\nif [ $? != 0 ] ; then\n    # print error to STDERR\n    echo \"error: The sandbox is not in sync with the Podfile.lock. Run 'pod install' or update your CocoaPods installation.\" >&2\n    exit 1\nfi\n# This output is used by Xcode 'outputs' to avoid re-running this script phase.\necho \"SUCCESS\" > \"${SCRIPT_OUTPUT_FILE_0}\"\n";
			showEnvVarsInLog = 0;
		};
		E203AEBEF878A511E684E212 /* [CP] Embed Pods Frameworks */ = {
			isa = PBXShellScriptBuildPhase;
			buildActionMask = 2147483647;
			files = (
			);
			inputFileListPaths = (
				"${PODS_ROOT}/Target Support Files/Pods-QuizApp/Pods-QuizApp-frameworks-${CONFIGURATION}-input-files.xcfilelist",
			);
			name = "[CP] Embed Pods Frameworks";
			outputFileListPaths = (
				"${PODS_ROOT}/Target Support Files/Pods-QuizApp/Pods-QuizApp-frameworks-${CONFIGURATION}-output-files.xcfilelist",
			);
			runOnlyForDeploymentPostprocessing = 0;
			shellPath = /bin/sh;
			shellScript = "\"${PODS_ROOT}/Target Support Files/Pods-QuizApp/Pods-QuizApp-frameworks.sh\"\n";
			showEnvVarsInLog = 0;
		};
/* End PBXShellScriptBuildPhase section */

/* Begin PBXSourcesBuildPhase section */
		1EA71A2D2854FD7F004422A9 /* Sources */ = {
			isa = PBXSourcesBuildPhase;
			buildActionMask = 2147483647;
			files = (
				1E3D31C528883B380054F6F1 /* DepartmentTableViewCell.swift in Sources */,
				1E3D31AD2886B8930054F6F1 /* ListSubjectsViewModel.swift in Sources */,
				1EA71A6628551ABC004422A9 /* LoginViewController.swift in Sources */,
				1E58E56A286E994B006ECBFF /* SideMenuModel.swift in Sources */,
				1EA71A392854FD7F004422A9 /* ViewController.swift in Sources */,
				1E892C052891C7A1005A61FA /* StringExtension.swift in Sources */,
				1EA71A6B28551F89004422A9 /* GradientView.swift in Sources */,
				1E85B64B286BF4AD00767686 /* HistoryViewController.swift in Sources */,
				1EA71A6D2857A8DF004422A9 /* DesignableUITextField.swift in Sources */,
				1E58E56F286E997B006ECBFF /* SideMenuCell.swift in Sources */,
				1E85B632286B4EA600767686 /* UserInfoViewController.swift in Sources */,
				1E6C3C132858467200F0838A /* LoginAPI.swift in Sources */,
				1E97A7DB288E7C8D006D0FD6 /* ImagePopupViewController.swift in Sources */,
				1E3D31B528872F030054F6F1 /* ShadowView.swift in Sources */,
				1E9803C8286B29E9000C032B /* HomeViewController.swift in Sources */,
				1E3D31A52886A62E0054F6F1 /* ListSubjectsViewController.swift in Sources */,
				1E6C3C0A28582A9C00F0838A /* TargetType.swift in Sources */,
				1E4F4F60288E592200A72642 /* QuizCollectionViewCell.swift in Sources */,
				1E8D4955287FF4C100396DF6 /* SubjectsCollectionViewCell.swift in Sources */,
				1E9803C3286AD654000C032B /* R.generated.swift in Sources */,
				1E980391286A9BB8000C032B /* ProjectManager.swift in Sources */,
				1E85B654286BF5C800767686 /* ExamUploadViewController.swift in Sources */,
				1E8D49702881679400396DF6 /* HomeViewModel.swift in Sources */,
				1E8D494C287FCD2100396DF6 /* SlidesCollectionViewCell.swift in Sources */,
				1EAA9722288A56A600401E88 /* Exams.swift in Sources */,
				1E8D498728853F2400396DF6 /* ExamTableViewCell.swift in Sources */,
				1E3D31B128870FC40054F6F1 /* UIViewControllerExtension.swift in Sources */,
				1E8D4978288171D000396DF6 /* DepartmentAPI.swift in Sources */,
				1E85B63A286B5EB100767686 /* TabBarView.swift in Sources */,
				1E58E558286E97D2006ECBFF /* BaseViewController.swift in Sources */,
				1E6C3C0C28582B1D00F0838A /* RepositoriesNetworking.swift in Sources */,
				1EAA9720288A558A00401E88 /* ListExamsViewModel.swift in Sources */,
				1E6C3C08285828DA00F0838A /* Constants.swift in Sources */,
				1E8D4969288161BB00396DF6 /* SubjectCollectionReusableView.swift in Sources */,
				1E85B646286B63D800767686 /* UIViewExtension.swift in Sources */,
				1EAA9728288A5B2500401E88 /* ListExamsAPI.swift in Sources */,
				1E4F4F56288E439500A72642 /* QuizViewController.swift in Sources */,
				1EAA9724288A578500401E88 /* Page.swift in Sources */,
				1E8D497428816CF800396DF6 /* Departments.swift in Sources */,
				1E6C3C152858491900F0838A /* LoginViewModel.swift in Sources */,
				1EA71A352854FD7F004422A9 /* AppDelegate.swift in Sources */,
				1E3D31BC2888093C0054F6F1 /* FilterViewController.swift in Sources */,
				1E8D497D288537D600396DF6 /* ListExamsViewController.swift in Sources */,
				1E58E562286E98CF006ECBFF /* SideMenuViewController.swift in Sources */,
				1EA71A372854FD7F004422A9 /* SceneDelegate.swift in Sources */,
				1E6C3C0E28582E6000F0838A /* BaseAPI.swift in Sources */,
				1E6C3C112858453E00F0838A /* User.swift in Sources */,
			);
			runOnlyForDeploymentPostprocessing = 0;
		};
		1EA71A432854FD86004422A9 /* Sources */ = {
			isa = PBXSourcesBuildPhase;
			buildActionMask = 2147483647;
			files = (
				1E8D49712881679500396DF6 /* HomeViewModel.swift in Sources */,
				1E8D494D287FCD2100396DF6 /* SlidesCollectionViewCell.swift in Sources */,
				1EA71A4C2854FD87004422A9 /* QuizAppTests.swift in Sources */,
				1E58E56B286E994B006ECBFF /* SideMenuModel.swift in Sources */,
				1E9803C4286AD654000C032B /* R.generated.swift in Sources */,
				1EAA9729288A5B2500401E88 /* ListExamsAPI.swift in Sources */,
				1E3D31AE2886B8930054F6F1 /* ListSubjectsViewModel.swift in Sources */,
				1E85B655286BF5C800767686 /* ExamUploadViewController.swift in Sources */,
				1E3D31A62886A62E0054F6F1 /* ListSubjectsViewController.swift in Sources */,
				1E9803C9286B29E9000C032B /* HomeViewController.swift in Sources */,
				1E58E563286E98CF006ECBFF /* SideMenuViewController.swift in Sources */,
				1E85B633286B4EA600767686 /* UserInfoViewController.swift in Sources */,
				1E8D496A288161BB00396DF6 /* SubjectCollectionReusableView.swift in Sources */,
				1E8D4979288171D000396DF6 /* DepartmentAPI.swift in Sources */,
				1E8D4956287FF4C100396DF6 /* SubjectsCollectionViewCell.swift in Sources */,
				1E97A7DC288E7C8D006D0FD6 /* ImagePopupViewController.swift in Sources */,
				1E3D31B628872F030054F6F1 /* ShadowView.swift in Sources */,
				1E8D497528816CF900396DF6 /* Departments.swift in Sources */,
				1E58E559286E97D2006ECBFF /* BaseViewController.swift in Sources */,
				1E4F4F61288E592200A72642 /* QuizCollectionViewCell.swift in Sources */,
				1E8D498828853F2400396DF6 /* ExamTableViewCell.swift in Sources */,
				1EAA9725288A578500401E88 /* Page.swift in Sources */,
				1E58E570286E997B006ECBFF /* SideMenuCell.swift in Sources */,
				1E8D497E288537D600396DF6 /* ListExamsViewController.swift in Sources */,
				1E3D31BD2888093C0054F6F1 /* FilterViewController.swift in Sources */,
				1E85B647286B63D800767686 /* UIViewExtension.swift in Sources */,
				1E3D31B228870FC40054F6F1 /* UIViewControllerExtension.swift in Sources */,
				1E85B63B286B5EB100767686 /* TabBarView.swift in Sources */,
				1E3D31C628883B380054F6F1 /* DepartmentTableViewCell.swift in Sources */,
				1E980392286A9BB8000C032B /* ProjectManager.swift in Sources */,
				1E85B64C286BF4AD00767686 /* HistoryViewController.swift in Sources */,
				1E4F4F57288E439500A72642 /* QuizViewController.swift in Sources */,
			);
			runOnlyForDeploymentPostprocessing = 0;
		};
		1EA71A4D2854FD87004422A9 /* Sources */ = {
			isa = PBXSourcesBuildPhase;
			buildActionMask = 2147483647;
			files = (
				1EA71A562854FD87004422A9 /* QuizAppUITests.swift in Sources */,
				1E8D49722881679500396DF6 /* HomeViewModel.swift in Sources */,
				1E3D31B328870FC40054F6F1 /* UIViewControllerExtension.swift in Sources */,
				1E4F4F58288E439500A72642 /* QuizViewController.swift in Sources */,
				1E58E571286E997B006ECBFF /* SideMenuCell.swift in Sources */,
				1E9803C5286AD654000C032B /* R.generated.swift in Sources */,
				1E58E55A286E97D2006ECBFF /* BaseViewController.swift in Sources */,
				1E4F4F62288E592200A72642 /* QuizCollectionViewCell.swift in Sources */,
				1E85B656286BF5C800767686 /* ExamUploadViewController.swift in Sources */,
				1E8D498928853F2400396DF6 /* ExamTableViewCell.swift in Sources */,
				1E8D496B288161BB00396DF6 /* SubjectCollectionReusableView.swift in Sources */,
				1E58E564286E98CF006ECBFF /* SideMenuViewController.swift in Sources */,
				1E3D31B728872F030054F6F1 /* ShadowView.swift in Sources */,
				1E85B63C286B5EB100767686 /* TabBarView.swift in Sources */,
				1E97A7DD288E7C8D006D0FD6 /* ImagePopupViewController.swift in Sources */,
				1E980393286A9BB8000C032B /* ProjectManager.swift in Sources */,
				1E85B634286B4EA600767686 /* UserInfoViewController.swift in Sources */,
				1E8D497F288537D600396DF6 /* ListExamsViewController.swift in Sources */,
				1EAA972A288A5B2500401E88 /* ListExamsAPI.swift in Sources */,
				1E3D31A72886A62E0054F6F1 /* ListSubjectsViewController.swift in Sources */,
				1EA71A582854FD87004422A9 /* QuizAppUITestsLaunchTests.swift in Sources */,
				1E8D4957287FF4C100396DF6 /* SubjectsCollectionViewCell.swift in Sources */,
				1E8D494E287FCD2100396DF6 /* SlidesCollectionViewCell.swift in Sources */,
				1E3D31C728883B380054F6F1 /* DepartmentTableViewCell.swift in Sources */,
				1E3D31AF2886B8930054F6F1 /* ListSubjectsViewModel.swift in Sources */,
				1E85B64D286BF4AD00767686 /* HistoryViewController.swift in Sources */,
				1EAA9726288A578500401E88 /* Page.swift in Sources */,
				1E3D31BE2888093C0054F6F1 /* FilterViewController.swift in Sources */,
				1E85B648286B63D800767686 /* UIViewExtension.swift in Sources */,
				1E8D497A288171D000396DF6 /* DepartmentAPI.swift in Sources */,
				1E9803CA286B29E9000C032B /* HomeViewController.swift in Sources */,
				1E58E56C286E994B006ECBFF /* SideMenuModel.swift in Sources */,
				1E8D497628816CF900396DF6 /* Departments.swift in Sources */,
			);
			runOnlyForDeploymentPostprocessing = 0;
		};
/* End PBXSourcesBuildPhase section */

/* Begin PBXTargetDependency section */
		1EA71A492854FD87004422A9 /* PBXTargetDependency */ = {
			isa = PBXTargetDependency;
			target = 1EA71A302854FD7F004422A9 /* QuizApp */;
			targetProxy = 1EA71A482854FD87004422A9 /* PBXContainerItemProxy */;
		};
		1EA71A532854FD87004422A9 /* PBXTargetDependency */ = {
			isa = PBXTargetDependency;
			target = 1EA71A302854FD7F004422A9 /* QuizApp */;
			targetProxy = 1EA71A522854FD87004422A9 /* PBXContainerItemProxy */;
		};
/* End PBXTargetDependency section */

/* Begin PBXVariantGroup section */
		1EA71A3A2854FD7F004422A9 /* Main.storyboard */ = {
			isa = PBXVariantGroup;
			children = (
				1EA71A3B2854FD7F004422A9 /* Base */,
			);
			name = Main.storyboard;
			sourceTree = "<group>";
		};
		1EA71A3F2854FD86004422A9 /* LaunchScreen.storyboard */ = {
			isa = PBXVariantGroup;
			children = (
				1EA71A402854FD86004422A9 /* Base */,
			);
			name = LaunchScreen.storyboard;
			sourceTree = "<group>";
		};
/* End PBXVariantGroup section */

/* Begin XCBuildConfiguration section */
		1EA71A592854FD87004422A9 /* Debug */ = {
			isa = XCBuildConfiguration;
			buildSettings = {
				ALWAYS_SEARCH_USER_PATHS = NO;
				CLANG_ANALYZER_NONNULL = YES;
				CLANG_ANALYZER_NUMBER_OBJECT_CONVERSION = YES_AGGRESSIVE;
				CLANG_CXX_LANGUAGE_STANDARD = "gnu++17";
				CLANG_ENABLE_MODULES = YES;
				CLANG_ENABLE_OBJC_ARC = YES;
				CLANG_ENABLE_OBJC_WEAK = YES;
				CLANG_WARN_BLOCK_CAPTURE_AUTORELEASING = YES;
				CLANG_WARN_BOOL_CONVERSION = YES;
				CLANG_WARN_COMMA = YES;
				CLANG_WARN_CONSTANT_CONVERSION = YES;
				CLANG_WARN_DEPRECATED_OBJC_IMPLEMENTATIONS = YES;
				CLANG_WARN_DIRECT_OBJC_ISA_USAGE = YES_ERROR;
				CLANG_WARN_DOCUMENTATION_COMMENTS = YES;
				CLANG_WARN_EMPTY_BODY = YES;
				CLANG_WARN_ENUM_CONVERSION = YES;
				CLANG_WARN_INFINITE_RECURSION = YES;
				CLANG_WARN_INT_CONVERSION = YES;
				CLANG_WARN_NON_LITERAL_NULL_CONVERSION = YES;
				CLANG_WARN_OBJC_IMPLICIT_RETAIN_SELF = YES;
				CLANG_WARN_OBJC_LITERAL_CONVERSION = YES;
				CLANG_WARN_OBJC_ROOT_CLASS = YES_ERROR;
				CLANG_WARN_QUOTED_INCLUDE_IN_FRAMEWORK_HEADER = YES;
				CLANG_WARN_RANGE_LOOP_ANALYSIS = YES;
				CLANG_WARN_STRICT_PROTOTYPES = YES;
				CLANG_WARN_SUSPICIOUS_MOVE = YES;
				CLANG_WARN_UNGUARDED_AVAILABILITY = YES_AGGRESSIVE;
				CLANG_WARN_UNREACHABLE_CODE = YES;
				CLANG_WARN__DUPLICATE_METHOD_MATCH = YES;
				COPY_PHASE_STRIP = NO;
				DEBUG_INFORMATION_FORMAT = dwarf;
				ENABLE_STRICT_OBJC_MSGSEND = YES;
				ENABLE_TESTABILITY = YES;
				GCC_C_LANGUAGE_STANDARD = gnu11;
				GCC_DYNAMIC_NO_PIC = NO;
				GCC_NO_COMMON_BLOCKS = YES;
				GCC_OPTIMIZATION_LEVEL = 0;
				GCC_PREPROCESSOR_DEFINITIONS = (
					"DEBUG=1",
					"$(inherited)",
				);
				GCC_WARN_64_TO_32_BIT_CONVERSION = YES;
				GCC_WARN_ABOUT_RETURN_TYPE = YES_ERROR;
				GCC_WARN_UNDECLARED_SELECTOR = YES;
				GCC_WARN_UNINITIALIZED_AUTOS = YES_AGGRESSIVE;
				GCC_WARN_UNUSED_FUNCTION = YES;
				GCC_WARN_UNUSED_VARIABLE = YES;
				IPHONEOS_DEPLOYMENT_TARGET = 13.0;
				MTL_ENABLE_DEBUG_INFO = INCLUDE_SOURCE;
				MTL_FAST_MATH = YES;
				ONLY_ACTIVE_ARCH = YES;
				SDKROOT = iphoneos;
				SWIFT_ACTIVE_COMPILATION_CONDITIONS = DEBUG;
				SWIFT_OPTIMIZATION_LEVEL = "-Onone";
			};
			name = Debug;
		};
		1EA71A5A2854FD87004422A9 /* Release */ = {
			isa = XCBuildConfiguration;
			buildSettings = {
				ALWAYS_SEARCH_USER_PATHS = NO;
				CLANG_ANALYZER_NONNULL = YES;
				CLANG_ANALYZER_NUMBER_OBJECT_CONVERSION = YES_AGGRESSIVE;
				CLANG_CXX_LANGUAGE_STANDARD = "gnu++17";
				CLANG_ENABLE_MODULES = YES;
				CLANG_ENABLE_OBJC_ARC = YES;
				CLANG_ENABLE_OBJC_WEAK = YES;
				CLANG_WARN_BLOCK_CAPTURE_AUTORELEASING = YES;
				CLANG_WARN_BOOL_CONVERSION = YES;
				CLANG_WARN_COMMA = YES;
				CLANG_WARN_CONSTANT_CONVERSION = YES;
				CLANG_WARN_DEPRECATED_OBJC_IMPLEMENTATIONS = YES;
				CLANG_WARN_DIRECT_OBJC_ISA_USAGE = YES_ERROR;
				CLANG_WARN_DOCUMENTATION_COMMENTS = YES;
				CLANG_WARN_EMPTY_BODY = YES;
				CLANG_WARN_ENUM_CONVERSION = YES;
				CLANG_WARN_INFINITE_RECURSION = YES;
				CLANG_WARN_INT_CONVERSION = YES;
				CLANG_WARN_NON_LITERAL_NULL_CONVERSION = YES;
				CLANG_WARN_OBJC_IMPLICIT_RETAIN_SELF = YES;
				CLANG_WARN_OBJC_LITERAL_CONVERSION = YES;
				CLANG_WARN_OBJC_ROOT_CLASS = YES_ERROR;
				CLANG_WARN_QUOTED_INCLUDE_IN_FRAMEWORK_HEADER = YES;
				CLANG_WARN_RANGE_LOOP_ANALYSIS = YES;
				CLANG_WARN_STRICT_PROTOTYPES = YES;
				CLANG_WARN_SUSPICIOUS_MOVE = YES;
				CLANG_WARN_UNGUARDED_AVAILABILITY = YES_AGGRESSIVE;
				CLANG_WARN_UNREACHABLE_CODE = YES;
				CLANG_WARN__DUPLICATE_METHOD_MATCH = YES;
				COPY_PHASE_STRIP = NO;
				DEBUG_INFORMATION_FORMAT = "dwarf-with-dsym";
				ENABLE_NS_ASSERTIONS = NO;
				ENABLE_STRICT_OBJC_MSGSEND = YES;
				GCC_C_LANGUAGE_STANDARD = gnu11;
				GCC_NO_COMMON_BLOCKS = YES;
				GCC_WARN_64_TO_32_BIT_CONVERSION = YES;
				GCC_WARN_ABOUT_RETURN_TYPE = YES_ERROR;
				GCC_WARN_UNDECLARED_SELECTOR = YES;
				GCC_WARN_UNINITIALIZED_AUTOS = YES_AGGRESSIVE;
				GCC_WARN_UNUSED_FUNCTION = YES;
				GCC_WARN_UNUSED_VARIABLE = YES;
				IPHONEOS_DEPLOYMENT_TARGET = 13.0;
				MTL_ENABLE_DEBUG_INFO = NO;
				MTL_FAST_MATH = YES;
				SDKROOT = iphoneos;
				SWIFT_COMPILATION_MODE = wholemodule;
				SWIFT_OPTIMIZATION_LEVEL = "-O";
				VALIDATE_PRODUCT = YES;
			};
			name = Release;
		};
		1EA71A5C2854FD87004422A9 /* Debug */ = {
			isa = XCBuildConfiguration;
			baseConfigurationReference = 692643C59BADFB0486A131B8 /* Pods-QuizApp.debug.xcconfig */;
			buildSettings = {
				ASSETCATALOG_COMPILER_APPICON_NAME = AppIcon;
				ASSETCATALOG_COMPILER_GLOBAL_ACCENT_COLOR_NAME = AccentColor;
				CODE_SIGN_IDENTITY = "Apple Development";
				CODE_SIGN_STYLE = Automatic;
				CURRENT_PROJECT_VERSION = 1;
				DEVELOPMENT_TEAM = 3983R459GS;
				GENERATE_INFOPLIST_FILE = YES;
				INFOPLIST_FILE = QuizApp/Info.plist;
				INFOPLIST_KEY_UIApplicationSupportsIndirectInputEvents = YES;
				INFOPLIST_KEY_UILaunchStoryboardName = LaunchScreen;
				INFOPLIST_KEY_UIMainStoryboardFile = Main;
				INFOPLIST_KEY_UISupportedInterfaceOrientations_iPad = "UIInterfaceOrientationPortrait UIInterfaceOrientationPortraitUpsideDown UIInterfaceOrientationLandscapeLeft UIInterfaceOrientationLandscapeRight";
				INFOPLIST_KEY_UISupportedInterfaceOrientations_iPhone = "UIInterfaceOrientationPortrait UIInterfaceOrientationLandscapeLeft UIInterfaceOrientationLandscapeRight";
				IPHONEOS_DEPLOYMENT_TARGET = 13.0;
				LD_RUNPATH_SEARCH_PATHS = (
					"$(inherited)",
					"@executable_path/Frameworks",
				);
				MARKETING_VERSION = 1.0;
				PRODUCT_BUNDLE_IDENTIFIER = huuhai.ha.QuizApp;
				PRODUCT_NAME = "$(TARGET_NAME)";
				PROVISIONING_PROFILE_SPECIFIER = "";
				SWIFT_EMIT_LOC_STRINGS = YES;
				SWIFT_VERSION = 5.0;
				TARGETED_DEVICE_FAMILY = "1,2";
			};
			name = Debug;
		};
		1EA71A5D2854FD87004422A9 /* Release */ = {
			isa = XCBuildConfiguration;
			baseConfigurationReference = D07B012DCB94084E839C2B4D /* Pods-QuizApp.release.xcconfig */;
			buildSettings = {
				ASSETCATALOG_COMPILER_APPICON_NAME = AppIcon;
				ASSETCATALOG_COMPILER_GLOBAL_ACCENT_COLOR_NAME = AccentColor;
				CODE_SIGN_IDENTITY = "Apple Development";
				CODE_SIGN_STYLE = Automatic;
				CURRENT_PROJECT_VERSION = 1;
				DEVELOPMENT_TEAM = 3983R459GS;
				GENERATE_INFOPLIST_FILE = YES;
				INFOPLIST_FILE = QuizApp/Info.plist;
				INFOPLIST_KEY_UIApplicationSupportsIndirectInputEvents = YES;
				INFOPLIST_KEY_UILaunchStoryboardName = LaunchScreen;
				INFOPLIST_KEY_UIMainStoryboardFile = Main;
				INFOPLIST_KEY_UISupportedInterfaceOrientations_iPad = "UIInterfaceOrientationPortrait UIInterfaceOrientationPortraitUpsideDown UIInterfaceOrientationLandscapeLeft UIInterfaceOrientationLandscapeRight";
				INFOPLIST_KEY_UISupportedInterfaceOrientations_iPhone = "UIInterfaceOrientationPortrait UIInterfaceOrientationLandscapeLeft UIInterfaceOrientationLandscapeRight";
				IPHONEOS_DEPLOYMENT_TARGET = 13.0;
				LD_RUNPATH_SEARCH_PATHS = (
					"$(inherited)",
					"@executable_path/Frameworks",
				);
				MARKETING_VERSION = 1.0;
				PRODUCT_BUNDLE_IDENTIFIER = huuhai.ha.QuizApp;
				PRODUCT_NAME = "$(TARGET_NAME)";
				PROVISIONING_PROFILE_SPECIFIER = "";
				SWIFT_EMIT_LOC_STRINGS = YES;
				SWIFT_VERSION = 5.0;
				TARGETED_DEVICE_FAMILY = "1,2";
			};
			name = Release;
		};
		1EA71A5F2854FD87004422A9 /* Debug */ = {
			isa = XCBuildConfiguration;
			baseConfigurationReference = AF44ED1E2A1AF0AC227D8BF0 /* Pods-QuizAppTests.debug.xcconfig */;
			buildSettings = {
				ALWAYS_EMBED_SWIFT_STANDARD_LIBRARIES = YES;
				BUNDLE_LOADER = "$(TEST_HOST)";
				CODE_SIGN_STYLE = Automatic;
				CURRENT_PROJECT_VERSION = 1;
				DEVELOPMENT_TEAM = 3983R459GS;
				GENERATE_INFOPLIST_FILE = YES;
				IPHONEOS_DEPLOYMENT_TARGET = 15.4;
				MARKETING_VERSION = 1.0;
				PRODUCT_BUNDLE_IDENTIFIER = huuhai.ha.QuizAppTests;
				PRODUCT_NAME = "$(TARGET_NAME)";
				SWIFT_EMIT_LOC_STRINGS = NO;
				SWIFT_VERSION = 5.0;
				TARGETED_DEVICE_FAMILY = "1,2";
				TEST_HOST = "$(BUILT_PRODUCTS_DIR)/QuizApp.app/QuizApp";
			};
			name = Debug;
		};
		1EA71A602854FD87004422A9 /* Release */ = {
			isa = XCBuildConfiguration;
			baseConfigurationReference = C47D005ACAB080C2400B91FC /* Pods-QuizAppTests.release.xcconfig */;
			buildSettings = {
				ALWAYS_EMBED_SWIFT_STANDARD_LIBRARIES = YES;
				BUNDLE_LOADER = "$(TEST_HOST)";
				CODE_SIGN_STYLE = Automatic;
				CURRENT_PROJECT_VERSION = 1;
				DEVELOPMENT_TEAM = 28H8755HMD;
				GENERATE_INFOPLIST_FILE = YES;
				IPHONEOS_DEPLOYMENT_TARGET = 15.4;
				MARKETING_VERSION = 1.0;
				PRODUCT_BUNDLE_IDENTIFIER = huuhai.ha.QuizAppTests;
				PRODUCT_NAME = "$(TARGET_NAME)";
				SWIFT_EMIT_LOC_STRINGS = NO;
				SWIFT_VERSION = 5.0;
				TARGETED_DEVICE_FAMILY = "1,2";
				TEST_HOST = "$(BUILT_PRODUCTS_DIR)/QuizApp.app/QuizApp";
			};
			name = Release;
		};
		1EA71A622854FD87004422A9 /* Debug */ = {
			isa = XCBuildConfiguration;
			baseConfigurationReference = 09DAC079AA7784A83F511BF9 /* Pods-QuizApp-QuizAppUITests.debug.xcconfig */;
			buildSettings = {
				ALWAYS_EMBED_SWIFT_STANDARD_LIBRARIES = YES;
				"CODE_SIGN_IDENTITY[sdk=macosx*]" = "Apple Development";
				CODE_SIGN_STYLE = Automatic;
				CURRENT_PROJECT_VERSION = 1;
				DEVELOPMENT_TEAM = 3983R459GS;
				GENERATE_INFOPLIST_FILE = YES;
				MARKETING_VERSION = 1.0;
				PRODUCT_BUNDLE_IDENTIFIER = huuhai.ha.QuizAppUITests;
				PRODUCT_NAME = "$(TARGET_NAME)";
				SWIFT_EMIT_LOC_STRINGS = NO;
				SWIFT_VERSION = 5.0;
				TARGETED_DEVICE_FAMILY = "1,2";
				TEST_TARGET_NAME = QuizApp;
			};
			name = Debug;
		};
		1EA71A632854FD87004422A9 /* Release */ = {
			isa = XCBuildConfiguration;
			baseConfigurationReference = 9942447DF12F930E54872AB1 /* Pods-QuizApp-QuizAppUITests.release.xcconfig */;
			buildSettings = {
				ALWAYS_EMBED_SWIFT_STANDARD_LIBRARIES = YES;
				CODE_SIGN_STYLE = Automatic;
				CURRENT_PROJECT_VERSION = 1;
				DEVELOPMENT_TEAM = 28H8755HMD;
				GENERATE_INFOPLIST_FILE = YES;
				MARKETING_VERSION = 1.0;
				PRODUCT_BUNDLE_IDENTIFIER = huuhai.ha.QuizAppUITests;
				PRODUCT_NAME = "$(TARGET_NAME)";
				SWIFT_EMIT_LOC_STRINGS = NO;
				SWIFT_VERSION = 5.0;
				TARGETED_DEVICE_FAMILY = "1,2";
				TEST_TARGET_NAME = QuizApp;
			};
			name = Release;
		};
/* End XCBuildConfiguration section */

/* Begin XCConfigurationList section */
		1EA71A2C2854FD7E004422A9 /* Build configuration list for PBXProject "QuizApp" */ = {
			isa = XCConfigurationList;
			buildConfigurations = (
				1EA71A592854FD87004422A9 /* Debug */,
				1EA71A5A2854FD87004422A9 /* Release */,
			);
			defaultConfigurationIsVisible = 0;
			defaultConfigurationName = Release;
		};
		1EA71A5B2854FD87004422A9 /* Build configuration list for PBXNativeTarget "QuizApp" */ = {
			isa = XCConfigurationList;
			buildConfigurations = (
				1EA71A5C2854FD87004422A9 /* Debug */,
				1EA71A5D2854FD87004422A9 /* Release */,
			);
			defaultConfigurationIsVisible = 0;
			defaultConfigurationName = Release;
		};
		1EA71A5E2854FD87004422A9 /* Build configuration list for PBXNativeTarget "QuizAppTests" */ = {
			isa = XCConfigurationList;
			buildConfigurations = (
				1EA71A5F2854FD87004422A9 /* Debug */,
				1EA71A602854FD87004422A9 /* Release */,
			);
			defaultConfigurationIsVisible = 0;
			defaultConfigurationName = Release;
		};
		1EA71A612854FD87004422A9 /* Build configuration list for PBXNativeTarget "QuizAppUITests" */ = {
			isa = XCConfigurationList;
			buildConfigurations = (
				1EA71A622854FD87004422A9 /* Debug */,
				1EA71A632854FD87004422A9 /* Release */,
			);
			defaultConfigurationIsVisible = 0;
			defaultConfigurationName = Release;
		};
/* End XCConfigurationList section */
	};
	rootObject = 1EA71A292854FD7E004422A9 /* Project object */;
}
